// !$*UTF8*$!
{
	archiveVersion = 1;
	classes = {
	};
	objectVersion = 55;
	objects = {

/* Begin PBXBuildFile section */
		AF2C8E1B27ED612300D9BBCB /* MessageModel.swift in Sources */ = {isa = PBXBuildFile; fileRef = AF2C8E1A27ED612300D9BBCB /* MessageModel.swift */; };
		AF2C8E1D27ED61F900D9BBCB /* SinglePostView.swift in Sources */ = {isa = PBXBuildFile; fileRef = AF2C8E1C27ED61F900D9BBCB /* SinglePostView.swift */; };
		AF2C8E1F27ED8E3900D9BBCB /* PersonalView.swift in Sources */ = {isa = PBXBuildFile; fileRef = AF2C8E1E27ED8E3900D9BBCB /* PersonalView.swift */; };
		AF3DBA9E27EAC09C00965B8D /* AssignmentOneApp.swift in Sources */ = {isa = PBXBuildFile; fileRef = AF3DBA9D27EAC09C00965B8D /* AssignmentOneApp.swift */; };
		AF3DBAA227EAC09E00965B8D /* Assets.xcassets in Resources */ = {isa = PBXBuildFile; fileRef = AF3DBAA127EAC09E00965B8D /* Assets.xcassets */; };
		AF3DBAA527EAC09E00965B8D /* Preview Assets.xcassets in Resources */ = {isa = PBXBuildFile; fileRef = AF3DBAA427EAC09E00965B8D /* Preview Assets.xcassets */; };
		AF3DBAAF27EAC09E00965B8D /* TweetsUseCaseTests.swift in Sources */ = {isa = PBXBuildFile; fileRef = AF3DBAAE27EAC09E00965B8D /* TweetsUseCaseTests.swift */; };
		AF3DBAB927EAC09F00965B8D /* AssignmentOneUITests.swift in Sources */ = {isa = PBXBuildFile; fileRef = AF3DBAB827EAC09F00965B8D /* AssignmentOneUITests.swift */; };
		AF3DBABB27EAC09F00965B8D /* AssignmentOneUITestsLaunchTests.swift in Sources */ = {isa = PBXBuildFile; fileRef = AF3DBABA27EAC09F00965B8D /* AssignmentOneUITestsLaunchTests.swift */; };
		AF3DBAC827EAE4F400965B8D /* DiscoverView.swift in Sources */ = {isa = PBXBuildFile; fileRef = AF3DBAC727EAE4F400965B8D /* DiscoverView.swift */; };
		AF3DBACA27EAF86000965B8D /* WechatView.swift in Sources */ = {isa = PBXBuildFile; fileRef = AF3DBAC927EAF86000965B8D /* WechatView.swift */; };
		AF3DBACC27EAFD7000965B8D /* AddressBookView.swift in Sources */ = {isa = PBXBuildFile; fileRef = AF3DBACB27EAFD7000965B8D /* AddressBookView.swift */; };
		AF3DBACE27EAFDD700965B8D /* ProfileView.swift in Sources */ = {isa = PBXBuildFile; fileRef = AF3DBACD27EAFDD700965B8D /* ProfileView.swift */; };
		AF3DBAD027EB03FD00965B8D /* FootTabView.swift in Sources */ = {isa = PBXBuildFile; fileRef = AF3DBACF27EB03FD00965B8D /* FootTabView.swift */; };
		AF3DBAD227EB0BDA00965B8D /* MessageView.swift in Sources */ = {isa = PBXBuildFile; fileRef = AF3DBAD127EB0BDA00965B8D /* MessageView.swift */; };
		AF64B38327F5770700BAB831 /* SenderModel.swift in Sources */ = {isa = PBXBuildFile; fileRef = AF64B38227F5770700BAB831 /* SenderModel.swift */; };
		AF64B38527F5922000BAB831 /* ImageURLModel.swift in Sources */ = {isa = PBXBuildFile; fileRef = AF64B38427F5922000BAB831 /* ImageURLModel.swift */; };
		AF64B38727F592B400BAB831 /* PostImagesView.swift in Sources */ = {isa = PBXBuildFile; fileRef = AF64B38627F592B400BAB831 /* PostImagesView.swift */; };
		AF64B38927F59CE800BAB831 /* ProfileViewModel.swift in Sources */ = {isa = PBXBuildFile; fileRef = AF64B38827F59CE800BAB831 /* ProfileViewModel.swift */; };
		AF64B38B27F697EC00BAB831 /* ClipImageView.swift in Sources */ = {isa = PBXBuildFile; fileRef = AF64B38A27F697EC00BAB831 /* ClipImageView.swift */; };
		AF64B38E27F6C6B500BAB831 /* UserBanner.swift in Sources */ = {isa = PBXBuildFile; fileRef = AF64B38D27F6C6B500BAB831 /* UserBanner.swift */; };
		AF64B39027F6CC1F00BAB831 /* CommentModel.swift in Sources */ = {isa = PBXBuildFile; fileRef = AF64B38F27F6CC1F00BAB831 /* CommentModel.swift */; };
		AF64B39227F6D76F00BAB831 /* ImagePlaceholderView.swift in Sources */ = {isa = PBXBuildFile; fileRef = AF64B39127F6D76F00BAB831 /* ImagePlaceholderView.swift */; };
		AF64B3A827FD5E7A00BAB831 /* UserModel.swift in Sources */ = {isa = PBXBuildFile; fileRef = AF64B3A727FD5E7A00BAB831 /* UserModel.swift */; };
		AF64B3AA27FD5EB500BAB831 /* Message.swift in Sources */ = {isa = PBXBuildFile; fileRef = AF64B3A927FD5EB500BAB831 /* Message.swift */; };
		AF64B3AC27FD5F5200BAB831 /* WechatAPI.swift in Sources */ = {isa = PBXBuildFile; fileRef = AF64B3AB27FD5F5200BAB831 /* WechatAPI.swift */; };
		AF64B3AF27FD604000BAB831 /* WechatAPIImpl.swift in Sources */ = {isa = PBXBuildFile; fileRef = AF64B3AE27FD604000BAB831 /* WechatAPIImpl.swift */; };
		AF64B3B427FD637D00BAB831 /* UserDataSource.swift in Sources */ = {isa = PBXBuildFile; fileRef = AF64B3B327FD637D00BAB831 /* UserDataSource.swift */; };
		AF64B3B727FD63CD00BAB831 /* UserDataSourceImpl.swift in Sources */ = {isa = PBXBuildFile; fileRef = AF64B3B627FD63CD00BAB831 /* UserDataSourceImpl.swift */; };
		AF64B3B927FD658200BAB831 /* TweetsDataSource.swift in Sources */ = {isa = PBXBuildFile; fileRef = AF64B3B827FD658200BAB831 /* TweetsDataSource.swift */; };
		AF64B3BC27FD65C800BAB831 /* TweetsDataSourceImpl.swift in Sources */ = {isa = PBXBuildFile; fileRef = AF64B3BB27FD65C800BAB831 /* TweetsDataSourceImpl.swift */; };
		AF64B3BF27FD667300BAB831 /* UserRepo.swift in Sources */ = {isa = PBXBuildFile; fileRef = AF64B3BE27FD667300BAB831 /* UserRepo.swift */; };
		AF64B3C227FD66B800BAB831 /* UserRepoImpl.swift in Sources */ = {isa = PBXBuildFile; fileRef = AF64B3C127FD66B800BAB831 /* UserRepoImpl.swift */; };
		AF64B3C527FD67A500BAB831 /* TweetsRepo.swift in Sources */ = {isa = PBXBuildFile; fileRef = AF64B3C427FD67A500BAB831 /* TweetsRepo.swift */; };
		AF64B3C827FD67E000BAB831 /* TweetsRepoImpl.swift in Sources */ = {isa = PBXBuildFile; fileRef = AF64B3C727FD67E000BAB831 /* TweetsRepoImpl.swift */; };
		AF64B3CB27FD68E000BAB831 /* UserUsecase.swift in Sources */ = {isa = PBXBuildFile; fileRef = AF64B3CA27FD68E000BAB831 /* UserUsecase.swift */; };
		AF64B3CE27FD692500BAB831 /* UserUserCaseImpl.swift in Sources */ = {isa = PBXBuildFile; fileRef = AF64B3CD27FD692500BAB831 /* UserUserCaseImpl.swift */; };
		AF64B3D127FD698800BAB831 /* TweetsUseCase.swift in Sources */ = {isa = PBXBuildFile; fileRef = AF64B3D027FD698800BAB831 /* TweetsUseCase.swift */; };
		AF64B3D427FD69CE00BAB831 /* TweetsUseCaseImpl.swift in Sources */ = {isa = PBXBuildFile; fileRef = AF64B3D327FD69CE00BAB831 /* TweetsUseCaseImpl.swift */; };
		AF64B3D727FD77C100BAB831 /* DependencyInjection.swift in Sources */ = {isa = PBXBuildFile; fileRef = AF64B3D627FD77C100BAB831 /* DependencyInjection.swift */; };
		AF64B3D927FD7C0500BAB831 /* MessageHeaderView.swift in Sources */ = {isa = PBXBuildFile; fileRef = AF64B3D827FD7C0500BAB831 /* MessageHeaderView.swift */; };
		AF64B3DB27FD7C7500BAB831 /* TimelineView.swift in Sources */ = {isa = PBXBuildFile; fileRef = AF64B3DA27FD7C7500BAB831 /* TimelineView.swift */; };
		AF64B3DD27FD7FB700BAB831 /* UserInfoView.swift in Sources */ = {isa = PBXBuildFile; fileRef = AF64B3DC27FD7FB700BAB831 /* UserInfoView.swift */; };
		AF64B3DF27FD917200BAB831 /* CommentView.swift in Sources */ = {isa = PBXBuildFile; fileRef = AF64B3DE27FD917200BAB831 /* CommentView.swift */; };
/* End PBXBuildFile section */

/* Begin PBXContainerItemProxy section */
		AF3DBAAB27EAC09E00965B8D /* PBXContainerItemProxy */ = {
			isa = PBXContainerItemProxy;
			containerPortal = AF3DBA9227EAC09C00965B8D /* Project object */;
			proxyType = 1;
			remoteGlobalIDString = AF3DBA9927EAC09C00965B8D;
			remoteInfo = AssignmentOne;
		};
		AF3DBAB527EAC09F00965B8D /* PBXContainerItemProxy */ = {
			isa = PBXContainerItemProxy;
			containerPortal = AF3DBA9227EAC09C00965B8D /* Project object */;
			proxyType = 1;
			remoteGlobalIDString = AF3DBA9927EAC09C00965B8D;
			remoteInfo = AssignmentOne;
		};
/* End PBXContainerItemProxy section */

/* Begin PBXFileReference section */
		AF2C8E1A27ED612300D9BBCB /* MessageModel.swift */ = {isa = PBXFileReference; lastKnownFileType = sourcecode.swift; path = MessageModel.swift; sourceTree = "<group>"; };
		AF2C8E1C27ED61F900D9BBCB /* SinglePostView.swift */ = {isa = PBXFileReference; lastKnownFileType = sourcecode.swift; path = SinglePostView.swift; sourceTree = "<group>"; };
		AF2C8E1E27ED8E3900D9BBCB /* PersonalView.swift */ = {isa = PBXFileReference; lastKnownFileType = sourcecode.swift; path = PersonalView.swift; sourceTree = "<group>"; };
		AF3DBA9A27EAC09C00965B8D /* AssignmentOne.app */ = {isa = PBXFileReference; explicitFileType = wrapper.application; includeInIndex = 0; path = AssignmentOne.app; sourceTree = BUILT_PRODUCTS_DIR; };
		AF3DBA9D27EAC09C00965B8D /* AssignmentOneApp.swift */ = {isa = PBXFileReference; lastKnownFileType = sourcecode.swift; path = AssignmentOneApp.swift; sourceTree = "<group>"; };
		AF3DBAA127EAC09E00965B8D /* Assets.xcassets */ = {isa = PBXFileReference; lastKnownFileType = folder.assetcatalog; path = Assets.xcassets; sourceTree = "<group>"; };
		AF3DBAA427EAC09E00965B8D /* Preview Assets.xcassets */ = {isa = PBXFileReference; lastKnownFileType = folder.assetcatalog; path = "Preview Assets.xcassets"; sourceTree = "<group>"; };
		AF3DBAAA27EAC09E00965B8D /* AssignmentOneTests.xctest */ = {isa = PBXFileReference; explicitFileType = wrapper.cfbundle; includeInIndex = 0; path = AssignmentOneTests.xctest; sourceTree = BUILT_PRODUCTS_DIR; };
		AF3DBAAE27EAC09E00965B8D /* TweetsUseCaseTests.swift */ = {isa = PBXFileReference; lastKnownFileType = sourcecode.swift; path = TweetsUseCaseTests.swift; sourceTree = "<group>"; };
		AF3DBAB427EAC09F00965B8D /* AssignmentOneUITests.xctest */ = {isa = PBXFileReference; explicitFileType = wrapper.cfbundle; includeInIndex = 0; path = AssignmentOneUITests.xctest; sourceTree = BUILT_PRODUCTS_DIR; };
		AF3DBAB827EAC09F00965B8D /* AssignmentOneUITests.swift */ = {isa = PBXFileReference; lastKnownFileType = sourcecode.swift; path = AssignmentOneUITests.swift; sourceTree = "<group>"; };
		AF3DBABA27EAC09F00965B8D /* AssignmentOneUITestsLaunchTests.swift */ = {isa = PBXFileReference; lastKnownFileType = sourcecode.swift; path = AssignmentOneUITestsLaunchTests.swift; sourceTree = "<group>"; };
		AF3DBAC727EAE4F400965B8D /* DiscoverView.swift */ = {isa = PBXFileReference; lastKnownFileType = sourcecode.swift; path = DiscoverView.swift; sourceTree = "<group>"; };
		AF3DBAC927EAF86000965B8D /* WechatView.swift */ = {isa = PBXFileReference; lastKnownFileType = sourcecode.swift; path = WechatView.swift; sourceTree = "<group>"; };
		AF3DBACB27EAFD7000965B8D /* AddressBookView.swift */ = {isa = PBXFileReference; lastKnownFileType = sourcecode.swift; path = AddressBookView.swift; sourceTree = "<group>"; };
		AF3DBACD27EAFDD700965B8D /* ProfileView.swift */ = {isa = PBXFileReference; lastKnownFileType = sourcecode.swift; path = ProfileView.swift; sourceTree = "<group>"; };
		AF3DBACF27EB03FD00965B8D /* FootTabView.swift */ = {isa = PBXFileReference; lastKnownFileType = sourcecode.swift; path = FootTabView.swift; sourceTree = "<group>"; };
		AF3DBAD127EB0BDA00965B8D /* MessageView.swift */ = {isa = PBXFileReference; lastKnownFileType = sourcecode.swift; path = MessageView.swift; sourceTree = "<group>"; };
		AF64B38227F5770700BAB831 /* SenderModel.swift */ = {isa = PBXFileReference; lastKnownFileType = sourcecode.swift; path = SenderModel.swift; sourceTree = "<group>"; };
		AF64B38427F5922000BAB831 /* ImageURLModel.swift */ = {isa = PBXFileReference; lastKnownFileType = sourcecode.swift; path = ImageURLModel.swift; sourceTree = "<group>"; };
		AF64B38627F592B400BAB831 /* PostImagesView.swift */ = {isa = PBXFileReference; lastKnownFileType = sourcecode.swift; path = PostImagesView.swift; sourceTree = "<group>"; };
		AF64B38827F59CE800BAB831 /* ProfileViewModel.swift */ = {isa = PBXFileReference; lastKnownFileType = sourcecode.swift; path = ProfileViewModel.swift; sourceTree = "<group>"; };
		AF64B38A27F697EC00BAB831 /* ClipImageView.swift */ = {isa = PBXFileReference; lastKnownFileType = sourcecode.swift; path = ClipImageView.swift; sourceTree = "<group>"; };
		AF64B38D27F6C6B500BAB831 /* UserBanner.swift */ = {isa = PBXFileReference; lastKnownFileType = sourcecode.swift; path = UserBanner.swift; sourceTree = "<group>"; };
		AF64B38F27F6CC1F00BAB831 /* CommentModel.swift */ = {isa = PBXFileReference; lastKnownFileType = sourcecode.swift; path = CommentModel.swift; sourceTree = "<group>"; };
		AF64B39127F6D76F00BAB831 /* ImagePlaceholderView.swift */ = {isa = PBXFileReference; lastKnownFileType = sourcecode.swift; path = ImagePlaceholderView.swift; sourceTree = "<group>"; };
		AF64B3A727FD5E7A00BAB831 /* UserModel.swift */ = {isa = PBXFileReference; lastKnownFileType = sourcecode.swift; path = UserModel.swift; sourceTree = "<group>"; };
		AF64B3A927FD5EB500BAB831 /* Message.swift */ = {isa = PBXFileReference; lastKnownFileType = sourcecode.swift; path = Message.swift; sourceTree = "<group>"; };
		AF64B3AB27FD5F5200BAB831 /* WechatAPI.swift */ = {isa = PBXFileReference; lastKnownFileType = sourcecode.swift; path = WechatAPI.swift; sourceTree = "<group>"; };
		AF64B3AE27FD604000BAB831 /* WechatAPIImpl.swift */ = {isa = PBXFileReference; lastKnownFileType = sourcecode.swift; path = WechatAPIImpl.swift; sourceTree = "<group>"; };
		AF64B3B327FD637D00BAB831 /* UserDataSource.swift */ = {isa = PBXFileReference; lastKnownFileType = sourcecode.swift; path = UserDataSource.swift; sourceTree = "<group>"; };
		AF64B3B627FD63CD00BAB831 /* UserDataSourceImpl.swift */ = {isa = PBXFileReference; lastKnownFileType = sourcecode.swift; path = UserDataSourceImpl.swift; sourceTree = "<group>"; };
		AF64B3B827FD658200BAB831 /* TweetsDataSource.swift */ = {isa = PBXFileReference; lastKnownFileType = sourcecode.swift; path = TweetsDataSource.swift; sourceTree = "<group>"; };
		AF64B3BB27FD65C800BAB831 /* TweetsDataSourceImpl.swift */ = {isa = PBXFileReference; lastKnownFileType = sourcecode.swift; path = TweetsDataSourceImpl.swift; sourceTree = "<group>"; };
		AF64B3BE27FD667300BAB831 /* UserRepo.swift */ = {isa = PBXFileReference; lastKnownFileType = sourcecode.swift; path = UserRepo.swift; sourceTree = "<group>"; };
		AF64B3C127FD66B800BAB831 /* UserRepoImpl.swift */ = {isa = PBXFileReference; lastKnownFileType = sourcecode.swift; path = UserRepoImpl.swift; sourceTree = "<group>"; };
		AF64B3C427FD67A500BAB831 /* TweetsRepo.swift */ = {isa = PBXFileReference; lastKnownFileType = sourcecode.swift; path = TweetsRepo.swift; sourceTree = "<group>"; };
		AF64B3C727FD67E000BAB831 /* TweetsRepoImpl.swift */ = {isa = PBXFileReference; lastKnownFileType = sourcecode.swift; path = TweetsRepoImpl.swift; sourceTree = "<group>"; };
		AF64B3CA27FD68E000BAB831 /* UserUsecase.swift */ = {isa = PBXFileReference; lastKnownFileType = sourcecode.swift; path = UserUsecase.swift; sourceTree = "<group>"; };
		AF64B3CD27FD692500BAB831 /* UserUserCaseImpl.swift */ = {isa = PBXFileReference; lastKnownFileType = sourcecode.swift; path = UserUserCaseImpl.swift; sourceTree = "<group>"; };
		AF64B3D027FD698800BAB831 /* TweetsUseCase.swift */ = {isa = PBXFileReference; lastKnownFileType = sourcecode.swift; path = TweetsUseCase.swift; sourceTree = "<group>"; };
		AF64B3D327FD69CE00BAB831 /* TweetsUseCaseImpl.swift */ = {isa = PBXFileReference; lastKnownFileType = sourcecode.swift; path = TweetsUseCaseImpl.swift; sourceTree = "<group>"; };
		AF64B3D627FD77C100BAB831 /* DependencyInjection.swift */ = {isa = PBXFileReference; lastKnownFileType = sourcecode.swift; path = DependencyInjection.swift; sourceTree = "<group>"; };
		AF64B3D827FD7C0500BAB831 /* MessageHeaderView.swift */ = {isa = PBXFileReference; lastKnownFileType = sourcecode.swift; path = MessageHeaderView.swift; sourceTree = "<group>"; };
		AF64B3DA27FD7C7500BAB831 /* TimelineView.swift */ = {isa = PBXFileReference; lastKnownFileType = sourcecode.swift; path = TimelineView.swift; sourceTree = "<group>"; };
		AF64B3DC27FD7FB700BAB831 /* UserInfoView.swift */ = {isa = PBXFileReference; lastKnownFileType = sourcecode.swift; path = UserInfoView.swift; sourceTree = "<group>"; };
		AF64B3DE27FD917200BAB831 /* CommentView.swift */ = {isa = PBXFileReference; lastKnownFileType = sourcecode.swift; path = CommentView.swift; sourceTree = "<group>"; };
/* End PBXFileReference section */

/* Begin PBXFrameworksBuildPhase section */
		AF3DBA9727EAC09C00965B8D /* Frameworks */ = {
			isa = PBXFrameworksBuildPhase;
			buildActionMask = 2147483647;
			files = (
			);
			runOnlyForDeploymentPostprocessing = 0;
		};
		AF3DBAA727EAC09E00965B8D /* Frameworks */ = {
			isa = PBXFrameworksBuildPhase;
			buildActionMask = 2147483647;
			files = (
			);
			runOnlyForDeploymentPostprocessing = 0;
		};
		AF3DBAB127EAC09F00965B8D /* Frameworks */ = {
			isa = PBXFrameworksBuildPhase;
			buildActionMask = 2147483647;
			files = (
			);
			runOnlyForDeploymentPostprocessing = 0;
		};
/* End PBXFrameworksBuildPhase section */

/* Begin PBXGroup section */
		AF3DBA9127EAC09C00965B8D = {
			isa = PBXGroup;
			children = (
				AF3DBA9C27EAC09C00965B8D /* AssignmentOne */,
				AF3DBAAD27EAC09E00965B8D /* AssignmentOneTests */,
				AF3DBAB727EAC09F00965B8D /* AssignmentOneUITests */,
				AF3DBA9B27EAC09C00965B8D /* Products */,
			);
			sourceTree = "<group>";
		};
		AF3DBA9B27EAC09C00965B8D /* Products */ = {
			isa = PBXGroup;
			children = (
				AF3DBA9A27EAC09C00965B8D /* AssignmentOne.app */,
				AF3DBAAA27EAC09E00965B8D /* AssignmentOneTests.xctest */,
				AF3DBAB427EAC09F00965B8D /* AssignmentOneUITests.xctest */,
			);
			name = Products;
			sourceTree = "<group>";
		};
		AF3DBA9C27EAC09C00965B8D /* AssignmentOne */ = {
			isa = PBXGroup;
			children = (
				AF64B39F27FD5AF900BAB831 /* ContactBook */,
				AF64B39D27FD5ACE00BAB831 /* Chat */,
				AF64B39A27FD585600BAB831 /* TimelineMessage */,
				AF64B39727FD57B000BAB831 /* Application */,
				AF64B39427FD566400BAB831 /* Profile */,
				AF64B39327FD565600BAB831 /* Discovery */,
				AF3DBAA127EAC09E00965B8D /* Assets.xcassets */,
				AF3DBAA327EAC09E00965B8D /* Preview Content */,
			);
			path = AssignmentOne;
			sourceTree = "<group>";
		};
		AF3DBAA327EAC09E00965B8D /* Preview Content */ = {
			isa = PBXGroup;
			children = (
				AF3DBAA427EAC09E00965B8D /* Preview Assets.xcassets */,
			);
			path = "Preview Content";
			sourceTree = "<group>";
		};
		AF3DBAAD27EAC09E00965B8D /* AssignmentOneTests */ = {
			isa = PBXGroup;
			children = (
				AFB8729C27FEA4DA00458F40 /* TimelineMessageTest */,
			);
			path = AssignmentOneTests;
			sourceTree = "<group>";
		};
		AF3DBAB727EAC09F00965B8D /* AssignmentOneUITests */ = {
			isa = PBXGroup;
			children = (
				AF3DBAB827EAC09F00965B8D /* AssignmentOneUITests.swift */,
				AF3DBABA27EAC09F00965B8D /* AssignmentOneUITestsLaunchTests.swift */,
			);
			path = AssignmentOneUITests;
			sourceTree = "<group>";
		};
		AF64B39327FD565600BAB831 /* Discovery */ = {
			isa = PBXGroup;
			children = (
				AF64B39927FD583E00BAB831 /* View */,
			);
			path = Discovery;
			sourceTree = "<group>";
		};
		AF64B39427FD566400BAB831 /* Profile */ = {
			isa = PBXGroup;
			children = (
				AF64B39527FD570A00BAB831 /* View */,
			);
			path = Profile;
			sourceTree = "<group>";
		};
		AF64B39527FD570A00BAB831 /* View */ = {
			isa = PBXGroup;
			children = (
				AF2C8E1E27ED8E3900D9BBCB /* PersonalView.swift */,
				AF3DBACD27EAFDD700965B8D /* ProfileView.swift */,
				AF64B3DC27FD7FB700BAB831 /* UserInfoView.swift */,
			);
			path = View;
			sourceTree = "<group>";
		};
		AF64B39727FD57B000BAB831 /* Application */ = {
			isa = PBXGroup;
			children = (
				AF64B39827FD57C900BAB831 /* View */,
			);
			path = Application;
			sourceTree = "<group>";
		};
		AF64B39827FD57C900BAB831 /* View */ = {
			isa = PBXGroup;
			children = (
				AF3DBACF27EB03FD00965B8D /* FootTabView.swift */,
				AF3DBA9D27EAC09C00965B8D /* AssignmentOneApp.swift */,
			);
			path = View;
			sourceTree = "<group>";
		};
		AF64B39927FD583E00BAB831 /* View */ = {
			isa = PBXGroup;
			children = (
				AF3DBAC727EAE4F400965B8D /* DiscoverView.swift */,
			);
			path = View;
			sourceTree = "<group>";
		};
		AF64B39A27FD585600BAB831 /* TimelineMessage */ = {
			isa = PBXGroup;
			children = (
				AF64B3D527FD77A300BAB831 /* DependencyInjection */,
				AF64B3A327FD5B8C00BAB831 /* Domain */,
				AF64B3A127FD5B3B00BAB831 /* API */,
				AF64B39C27FD587100BAB831 /* ViewModel */,
				AF64B39B27FD586B00BAB831 /* View */,
			);
			path = TimelineMessage;
			sourceTree = "<group>";
		};
		AF64B39B27FD586B00BAB831 /* View */ = {
			isa = PBXGroup;
			children = (
				AF64B39127F6D76F00BAB831 /* ImagePlaceholderView.swift */,
				AF2C8E1C27ED61F900D9BBCB /* SinglePostView.swift */,
				AF64B38627F592B400BAB831 /* PostImagesView.swift */,
				AF64B38A27F697EC00BAB831 /* ClipImageView.swift */,
				AF64B38D27F6C6B500BAB831 /* UserBanner.swift */,
				AF3DBAD127EB0BDA00965B8D /* MessageView.swift */,
				AF64B3D827FD7C0500BAB831 /* MessageHeaderView.swift */,
				AF64B3DA27FD7C7500BAB831 /* TimelineView.swift */,
				AF64B3DE27FD917200BAB831 /* CommentView.swift */,
			);
			path = View;
			sourceTree = "<group>";
		};
		AF64B39C27FD587100BAB831 /* ViewModel */ = {
			isa = PBXGroup;
			children = (
				AF64B38827F59CE800BAB831 /* ProfileViewModel.swift */,
				AF2C8E1A27ED612300D9BBCB /* MessageModel.swift */,
			);
			path = ViewModel;
			sourceTree = "<group>";
		};
		AF64B39D27FD5ACE00BAB831 /* Chat */ = {
			isa = PBXGroup;
			children = (
				AF64B39E27FD5ADF00BAB831 /* View */,
			);
			path = Chat;
			sourceTree = "<group>";
		};
		AF64B39E27FD5ADF00BAB831 /* View */ = {
			isa = PBXGroup;
			children = (
				AF3DBAC927EAF86000965B8D /* WechatView.swift */,
			);
			path = View;
			sourceTree = "<group>";
		};
		AF64B39F27FD5AF900BAB831 /* ContactBook */ = {
			isa = PBXGroup;
			children = (
				AF64B3A027FD5B0300BAB831 /* View */,
			);
			path = ContactBook;
			sourceTree = "<group>";
		};
		AF64B3A027FD5B0300BAB831 /* View */ = {
			isa = PBXGroup;
			children = (
				AF3DBACB27EAFD7000965B8D /* AddressBookView.swift */,
			);
			path = View;
			sourceTree = "<group>";
		};
		AF64B3A127FD5B3B00BAB831 /* API */ = {
			isa = PBXGroup;
			children = (
				AF64B3AD27FD601600BAB831 /* WechatAPIImpl */,
				AF64B3AB27FD5F5200BAB831 /* WechatAPI.swift */,
			);
			path = API;
			sourceTree = "<group>";
		};
		AF64B3A327FD5B8C00BAB831 /* Domain */ = {
			isa = PBXGroup;
			children = (
				AF64B3B027FD635700BAB831 /* DataSource */,
				AF64B3A627FD5BC700BAB831 /* Model */,
				AF64B3A527FD5BA000BAB831 /* Repository */,
				AF64B3A427FD5B9800BAB831 /* UseCase */,
			);
			path = Domain;
			sourceTree = "<group>";
		};
		AF64B3A427FD5B9800BAB831 /* UseCase */ = {
			isa = PBXGroup;
			children = (
				AF64B3CF27FD697700BAB831 /* TweetsUseCase */,
				AF64B3C927FD68CD00BAB831 /* UserUseCase */,
			);
			path = UseCase;
			sourceTree = "<group>";
		};
		AF64B3A527FD5BA000BAB831 /* Repository */ = {
			isa = PBXGroup;
			children = (
				AF64B3C327FD679500BAB831 /* Tweets */,
				AF64B3BD27FD666700BAB831 /* User */,
			);
			path = Repository;
			sourceTree = "<group>";
		};
		AF64B3A627FD5BC700BAB831 /* Model */ = {
			isa = PBXGroup;
			children = (
				AF64B38427F5922000BAB831 /* ImageURLModel.swift */,
				AF64B38227F5770700BAB831 /* SenderModel.swift */,
				AF64B38F27F6CC1F00BAB831 /* CommentModel.swift */,
				AF64B3A727FD5E7A00BAB831 /* UserModel.swift */,
				AF64B3A927FD5EB500BAB831 /* Message.swift */,
			);
			path = Model;
			sourceTree = "<group>";
		};
		AF64B3AD27FD601600BAB831 /* WechatAPIImpl */ = {
			isa = PBXGroup;
			children = (
				AF64B3AE27FD604000BAB831 /* WechatAPIImpl.swift */,
			);
			path = WechatAPIImpl;
			sourceTree = "<group>";
		};
		AF64B3B027FD635700BAB831 /* DataSource */ = {
			isa = PBXGroup;
			children = (
				AF64B3B227FD636400BAB831 /* Tweets */,
				AF64B3B127FD635F00BAB831 /* User */,
			);
			path = DataSource;
			sourceTree = "<group>";
		};
		AF64B3B127FD635F00BAB831 /* User */ = {
			isa = PBXGroup;
			children = (
				AF64B3B527FD63B800BAB831 /* UserDataSourceImpl */,
				AF64B3B327FD637D00BAB831 /* UserDataSource.swift */,
			);
			path = User;
			sourceTree = "<group>";
		};
		AF64B3B227FD636400BAB831 /* Tweets */ = {
			isa = PBXGroup;
			children = (
				AF64B3BA27FD65B300BAB831 /* TweetsDataSourceImpl */,
				AF64B3B827FD658200BAB831 /* TweetsDataSource.swift */,
			);
			path = Tweets;
			sourceTree = "<group>";
		};
		AF64B3B527FD63B800BAB831 /* UserDataSourceImpl */ = {
			isa = PBXGroup;
			children = (
				AF64B3B627FD63CD00BAB831 /* UserDataSourceImpl.swift */,
			);
			path = UserDataSourceImpl;
			sourceTree = "<group>";
		};
		AF64B3BA27FD65B300BAB831 /* TweetsDataSourceImpl */ = {
			isa = PBXGroup;
			children = (
				AF64B3BB27FD65C800BAB831 /* TweetsDataSourceImpl.swift */,
			);
			path = TweetsDataSourceImpl;
			sourceTree = "<group>";
		};
		AF64B3BD27FD666700BAB831 /* User */ = {
			isa = PBXGroup;
			children = (
				AF64B3C027FD66AA00BAB831 /* UserRepoImpl */,
				AF64B3BE27FD667300BAB831 /* UserRepo.swift */,
			);
			path = User;
			sourceTree = "<group>";
		};
		AF64B3C027FD66AA00BAB831 /* UserRepoImpl */ = {
			isa = PBXGroup;
			children = (
				AF64B3C127FD66B800BAB831 /* UserRepoImpl.swift */,
			);
			path = UserRepoImpl;
			sourceTree = "<group>";
		};
		AF64B3C327FD679500BAB831 /* Tweets */ = {
			isa = PBXGroup;
			children = (
				AF64B3C627FD67CF00BAB831 /* TweetsRepoImpl */,
				AF64B3C427FD67A500BAB831 /* TweetsRepo.swift */,
			);
			path = Tweets;
			sourceTree = "<group>";
		};
		AF64B3C627FD67CF00BAB831 /* TweetsRepoImpl */ = {
			isa = PBXGroup;
			children = (
				AF64B3C727FD67E000BAB831 /* TweetsRepoImpl.swift */,
			);
			path = TweetsRepoImpl;
			sourceTree = "<group>";
		};
		AF64B3C927FD68CD00BAB831 /* UserUseCase */ = {
			isa = PBXGroup;
			children = (
				AF64B3CC27FD691200BAB831 /* UserUseCaseImpl */,
				AF64B3CA27FD68E000BAB831 /* UserUsecase.swift */,
			);
			path = UserUseCase;
			sourceTree = "<group>";
		};
		AF64B3CC27FD691200BAB831 /* UserUseCaseImpl */ = {
			isa = PBXGroup;
			children = (
				AF64B3CD27FD692500BAB831 /* UserUserCaseImpl.swift */,
			);
			path = UserUseCaseImpl;
			sourceTree = "<group>";
		};
		AF64B3CF27FD697700BAB831 /* TweetsUseCase */ = {
			isa = PBXGroup;
			children = (
				AF64B3D227FD69BA00BAB831 /* TweetsUseCaseImpl */,
				AF64B3D027FD698800BAB831 /* TweetsUseCase.swift */,
			);
			path = TweetsUseCase;
			sourceTree = "<group>";
		};
		AF64B3D227FD69BA00BAB831 /* TweetsUseCaseImpl */ = {
			isa = PBXGroup;
			children = (
				AF64B3D327FD69CE00BAB831 /* TweetsUseCaseImpl.swift */,
			);
			path = TweetsUseCaseImpl;
			sourceTree = "<group>";
		};
		AF64B3D527FD77A300BAB831 /* DependencyInjection */ = {
			isa = PBXGroup;
			children = (
				AF64B3D627FD77C100BAB831 /* DependencyInjection.swift */,
			);
			path = DependencyInjection;
			sourceTree = "<group>";
		};
		AFB8729C27FEA4DA00458F40 /* TimelineMessageTest */ = {
			isa = PBXGroup;
			children = (
				AFB8729D27FEA4EC00458F40 /* DomainTest */,
			);
			path = TimelineMessageTest;
			sourceTree = "<group>";
		};
		AFB8729D27FEA4EC00458F40 /* DomainTest */ = {
			isa = PBXGroup;
			children = (
				AFB8729E27FEA55500458F40 /* UseCaseTest */,
			);
			path = DomainTest;
			sourceTree = "<group>";
		};
		AFB8729E27FEA55500458F40 /* UseCaseTest */ = {
			isa = PBXGroup;
			children = (
				AFB8729F27FEA56500458F40 /* TweetsUsecaseTest */,
			);
			path = UseCaseTest;
			sourceTree = "<group>";
		};
		AFB8729F27FEA56500458F40 /* TweetsUsecaseTest */ = {
			isa = PBXGroup;
			children = (
				AF3DBAAE27EAC09E00965B8D /* TweetsUseCaseTests.swift */,
			);
			path = TweetsUsecaseTest;
			sourceTree = "<group>";
		};
/* End PBXGroup section */

/* Begin PBXNativeTarget section */
		AF3DBA9927EAC09C00965B8D /* AssignmentOne */ = {
			isa = PBXNativeTarget;
			buildConfigurationList = AF3DBABE27EAC09F00965B8D /* Build configuration list for PBXNativeTarget "AssignmentOne" */;
			buildPhases = (
				AF3DBA9627EAC09C00965B8D /* Sources */,
				AF3DBA9727EAC09C00965B8D /* Frameworks */,
				AF3DBA9827EAC09C00965B8D /* Resources */,
			);
			buildRules = (
			);
			dependencies = (
			);
			name = AssignmentOne;
			productName = AssignmentOne;
			productReference = AF3DBA9A27EAC09C00965B8D /* AssignmentOne.app */;
			productType = "com.apple.product-type.application";
		};
		AF3DBAA927EAC09E00965B8D /* AssignmentOneTests */ = {
			isa = PBXNativeTarget;
			buildConfigurationList = AF3DBAC127EAC09F00965B8D /* Build configuration list for PBXNativeTarget "AssignmentOneTests" */;
			buildPhases = (
				AF3DBAA627EAC09E00965B8D /* Sources */,
				AF3DBAA727EAC09E00965B8D /* Frameworks */,
				AF3DBAA827EAC09E00965B8D /* Resources */,
			);
			buildRules = (
			);
			dependencies = (
				AF3DBAAC27EAC09E00965B8D /* PBXTargetDependency */,
			);
			name = AssignmentOneTests;
			productName = AssignmentOneTests;
			productReference = AF3DBAAA27EAC09E00965B8D /* AssignmentOneTests.xctest */;
			productType = "com.apple.product-type.bundle.unit-test";
		};
		AF3DBAB327EAC09F00965B8D /* AssignmentOneUITests */ = {
			isa = PBXNativeTarget;
			buildConfigurationList = AF3DBAC427EAC09F00965B8D /* Build configuration list for PBXNativeTarget "AssignmentOneUITests" */;
			buildPhases = (
				AF3DBAB027EAC09F00965B8D /* Sources */,
				AF3DBAB127EAC09F00965B8D /* Frameworks */,
				AF3DBAB227EAC09F00965B8D /* Resources */,
			);
			buildRules = (
			);
			dependencies = (
				AF3DBAB627EAC09F00965B8D /* PBXTargetDependency */,
			);
			name = AssignmentOneUITests;
			productName = AssignmentOneUITests;
			productReference = AF3DBAB427EAC09F00965B8D /* AssignmentOneUITests.xctest */;
			productType = "com.apple.product-type.bundle.ui-testing";
		};
/* End PBXNativeTarget section */

/* Begin PBXProject section */
		AF3DBA9227EAC09C00965B8D /* Project object */ = {
			isa = PBXProject;
			attributes = {
				BuildIndependentTargetsInParallel = 1;
				LastSwiftUpdateCheck = 1330;
				LastUpgradeCheck = 1330;
				TargetAttributes = {
					AF3DBA9927EAC09C00965B8D = {
						CreatedOnToolsVersion = 13.3;
					};
					AF3DBAA927EAC09E00965B8D = {
						CreatedOnToolsVersion = 13.3;
						TestTargetID = AF3DBA9927EAC09C00965B8D;
					};
					AF3DBAB327EAC09F00965B8D = {
						CreatedOnToolsVersion = 13.3;
						TestTargetID = AF3DBA9927EAC09C00965B8D;
					};
				};
			};
			buildConfigurationList = AF3DBA9527EAC09C00965B8D /* Build configuration list for PBXProject "AssignmentOne" */;
			compatibilityVersion = "Xcode 13.0";
			developmentRegion = en;
			hasScannedForEncodings = 0;
			knownRegions = (
				en,
				Base,
			);
			mainGroup = AF3DBA9127EAC09C00965B8D;
			productRefGroup = AF3DBA9B27EAC09C00965B8D /* Products */;
			projectDirPath = "";
			projectRoot = "";
			targets = (
				AF3DBA9927EAC09C00965B8D /* AssignmentOne */,
				AF3DBAA927EAC09E00965B8D /* AssignmentOneTests */,
				AF3DBAB327EAC09F00965B8D /* AssignmentOneUITests */,
			);
		};
/* End PBXProject section */

/* Begin PBXResourcesBuildPhase section */
		AF3DBA9827EAC09C00965B8D /* Resources */ = {
			isa = PBXResourcesBuildPhase;
			buildActionMask = 2147483647;
			files = (
				AF3DBAA527EAC09E00965B8D /* Preview Assets.xcassets in Resources */,
				AF3DBAA227EAC09E00965B8D /* Assets.xcassets in Resources */,
			);
			runOnlyForDeploymentPostprocessing = 0;
		};
		AF3DBAA827EAC09E00965B8D /* Resources */ = {
			isa = PBXResourcesBuildPhase;
			buildActionMask = 2147483647;
			files = (
			);
			runOnlyForDeploymentPostprocessing = 0;
		};
		AF3DBAB227EAC09F00965B8D /* Resources */ = {
			isa = PBXResourcesBuildPhase;
			buildActionMask = 2147483647;
			files = (
			);
			runOnlyForDeploymentPostprocessing = 0;
		};
/* End PBXResourcesBuildPhase section */

/* Begin PBXSourcesBuildPhase section */
		AF3DBA9627EAC09C00965B8D /* Sources */ = {
			isa = PBXSourcesBuildPhase;
			buildActionMask = 2147483647;
			files = (
				AF64B3DB27FD7C7500BAB831 /* TimelineView.swift in Sources */,
				AF64B38E27F6C6B500BAB831 /* UserBanner.swift in Sources */,
				AF3DBAD227EB0BDA00965B8D /* MessageView.swift in Sources */,
				AF3DBA9E27EAC09C00965B8D /* AssignmentOneApp.swift in Sources */,
				AF64B3AC27FD5F5200BAB831 /* WechatAPI.swift in Sources */,
				AF2C8E1F27ED8E3900D9BBCB /* PersonalView.swift in Sources */,
				AF64B3C827FD67E000BAB831 /* TweetsRepoImpl.swift in Sources */,
				AF64B39227F6D76F00BAB831 /* ImagePlaceholderView.swift in Sources */,
				AF64B3AF27FD604000BAB831 /* WechatAPIImpl.swift in Sources */,
				AF64B3B727FD63CD00BAB831 /* UserDataSourceImpl.swift in Sources */,
				AF64B3BC27FD65C800BAB831 /* TweetsDataSourceImpl.swift in Sources */,
				AF64B3C527FD67A500BAB831 /* TweetsRepo.swift in Sources */,
				AF3DBAD027EB03FD00965B8D /* FootTabView.swift in Sources */,
				AF64B3D727FD77C100BAB831 /* DependencyInjection.swift in Sources */,
				AF64B39027F6CC1F00BAB831 /* CommentModel.swift in Sources */,
				AF64B3BF27FD667300BAB831 /* UserRepo.swift in Sources */,
				AF64B38B27F697EC00BAB831 /* ClipImageView.swift in Sources */,
				AF64B3DD27FD7FB700BAB831 /* UserInfoView.swift in Sources */,
				AF2C8E1D27ED61F900D9BBCB /* SinglePostView.swift in Sources */,
				AF2C8E1B27ED612300D9BBCB /* MessageModel.swift in Sources */,
				AF3DBACC27EAFD7000965B8D /* AddressBookView.swift in Sources */,
				AF64B38527F5922000BAB831 /* ImageURLModel.swift in Sources */,
				AF64B3CB27FD68E000BAB831 /* UserUsecase.swift in Sources */,
				AF64B3D127FD698800BAB831 /* TweetsUseCase.swift in Sources */,
				AF64B38327F5770700BAB831 /* SenderModel.swift in Sources */,
				AF3DBACA27EAF86000965B8D /* WechatView.swift in Sources */,
				AF3DBACE27EAFDD700965B8D /* ProfileView.swift in Sources */,
				AF64B3DF27FD917200BAB831 /* CommentView.swift in Sources */,
				AF64B3C227FD66B800BAB831 /* UserRepoImpl.swift in Sources */,
				AF64B3D427FD69CE00BAB831 /* TweetsUseCaseImpl.swift in Sources */,
				AF64B3D927FD7C0500BAB831 /* MessageHeaderView.swift in Sources */,
				AF64B3B427FD637D00BAB831 /* UserDataSource.swift in Sources */,
				AF64B3AA27FD5EB500BAB831 /* Message.swift in Sources */,
				AF64B38727F592B400BAB831 /* PostImagesView.swift in Sources */,
				AF3DBAC827EAE4F400965B8D /* DiscoverView.swift in Sources */,
				AF64B3A827FD5E7A00BAB831 /* UserModel.swift in Sources */,
				AF64B3CE27FD692500BAB831 /* UserUserCaseImpl.swift in Sources */,
				AF64B38927F59CE800BAB831 /* ProfileViewModel.swift in Sources */,
				AF64B3B927FD658200BAB831 /* TweetsDataSource.swift in Sources */,
			);
			runOnlyForDeploymentPostprocessing = 0;
		};
		AF3DBAA627EAC09E00965B8D /* Sources */ = {
			isa = PBXSourcesBuildPhase;
			buildActionMask = 2147483647;
			files = (
				AF3DBAAF27EAC09E00965B8D /* TweetsUseCaseTests.swift in Sources */,
			);
			runOnlyForDeploymentPostprocessing = 0;
		};
		AF3DBAB027EAC09F00965B8D /* Sources */ = {
			isa = PBXSourcesBuildPhase;
			buildActionMask = 2147483647;
			files = (
				AF3DBABB27EAC09F00965B8D /* AssignmentOneUITestsLaunchTests.swift in Sources */,
				AF3DBAB927EAC09F00965B8D /* AssignmentOneUITests.swift in Sources */,
			);
			runOnlyForDeploymentPostprocessing = 0;
		};
/* End PBXSourcesBuildPhase section */

/* Begin PBXTargetDependency section */
		AF3DBAAC27EAC09E00965B8D /* PBXTargetDependency */ = {
			isa = PBXTargetDependency;
			target = AF3DBA9927EAC09C00965B8D /* AssignmentOne */;
			targetProxy = AF3DBAAB27EAC09E00965B8D /* PBXContainerItemProxy */;
		};
		AF3DBAB627EAC09F00965B8D /* PBXTargetDependency */ = {
			isa = PBXTargetDependency;
			target = AF3DBA9927EAC09C00965B8D /* AssignmentOne */;
			targetProxy = AF3DBAB527EAC09F00965B8D /* PBXContainerItemProxy */;
		};
/* End PBXTargetDependency section */

/* Begin XCBuildConfiguration section */
		AF3DBABC27EAC09F00965B8D /* Debug */ = {
			isa = XCBuildConfiguration;
			buildSettings = {
				ALWAYS_SEARCH_USER_PATHS = NO;
				CLANG_ANALYZER_NONNULL = YES;
				CLANG_ANALYZER_NUMBER_OBJECT_CONVERSION = YES_AGGRESSIVE;
				CLANG_CXX_LANGUAGE_STANDARD = "gnu++17";
				CLANG_ENABLE_MODULES = YES;
				CLANG_ENABLE_OBJC_ARC = YES;
				CLANG_ENABLE_OBJC_WEAK = YES;
				CLANG_WARN_BLOCK_CAPTURE_AUTORELEASING = YES;
				CLANG_WARN_BOOL_CONVERSION = YES;
				CLANG_WARN_COMMA = YES;
				CLANG_WARN_CONSTANT_CONVERSION = YES;
				CLANG_WARN_DEPRECATED_OBJC_IMPLEMENTATIONS = YES;
				CLANG_WARN_DIRECT_OBJC_ISA_USAGE = YES_ERROR;
				CLANG_WARN_DOCUMENTATION_COMMENTS = YES;
				CLANG_WARN_EMPTY_BODY = YES;
				CLANG_WARN_ENUM_CONVERSION = YES;
				CLANG_WARN_INFINITE_RECURSION = YES;
				CLANG_WARN_INT_CONVERSION = YES;
				CLANG_WARN_NON_LITERAL_NULL_CONVERSION = YES;
				CLANG_WARN_OBJC_IMPLICIT_RETAIN_SELF = YES;
				CLANG_WARN_OBJC_LITERAL_CONVERSION = YES;
				CLANG_WARN_OBJC_ROOT_CLASS = YES_ERROR;
				CLANG_WARN_QUOTED_INCLUDE_IN_FRAMEWORK_HEADER = YES;
				CLANG_WARN_RANGE_LOOP_ANALYSIS = YES;
				CLANG_WARN_STRICT_PROTOTYPES = YES;
				CLANG_WARN_SUSPICIOUS_MOVE = YES;
				CLANG_WARN_UNGUARDED_AVAILABILITY = YES_AGGRESSIVE;
				CLANG_WARN_UNREACHABLE_CODE = YES;
				CLANG_WARN__DUPLICATE_METHOD_MATCH = YES;
				COPY_PHASE_STRIP = NO;
				DEBUG_INFORMATION_FORMAT = dwarf;
				ENABLE_STRICT_OBJC_MSGSEND = YES;
				ENABLE_TESTABILITY = YES;
				GCC_C_LANGUAGE_STANDARD = gnu11;
				GCC_DYNAMIC_NO_PIC = NO;
				GCC_NO_COMMON_BLOCKS = YES;
				GCC_OPTIMIZATION_LEVEL = 0;
				GCC_PREPROCESSOR_DEFINITIONS = (
					"DEBUG=1",
					"$(inherited)",
				);
				GCC_WARN_64_TO_32_BIT_CONVERSION = YES;
				GCC_WARN_ABOUT_RETURN_TYPE = YES_ERROR;
				GCC_WARN_UNDECLARED_SELECTOR = YES;
				GCC_WARN_UNINITIALIZED_AUTOS = YES_AGGRESSIVE;
				GCC_WARN_UNUSED_FUNCTION = YES;
				GCC_WARN_UNUSED_VARIABLE = YES;
				IPHONEOS_DEPLOYMENT_TARGET = 15.4;
				MTL_ENABLE_DEBUG_INFO = INCLUDE_SOURCE;
				MTL_FAST_MATH = YES;
				ONLY_ACTIVE_ARCH = YES;
				SDKROOT = iphoneos;
				SWIFT_ACTIVE_COMPILATION_CONDITIONS = DEBUG;
				SWIFT_OPTIMIZATION_LEVEL = "-Onone";
			};
			name = Debug;
		};
		AF3DBABD27EAC09F00965B8D /* Release */ = {
			isa = XCBuildConfiguration;
			buildSettings = {
				ALWAYS_SEARCH_USER_PATHS = NO;
				CLANG_ANALYZER_NONNULL = YES;
				CLANG_ANALYZER_NUMBER_OBJECT_CONVERSION = YES_AGGRESSIVE;
				CLANG_CXX_LANGUAGE_STANDARD = "gnu++17";
				CLANG_ENABLE_MODULES = YES;
				CLANG_ENABLE_OBJC_ARC = YES;
				CLANG_ENABLE_OBJC_WEAK = YES;
				CLANG_WARN_BLOCK_CAPTURE_AUTORELEASING = YES;
				CLANG_WARN_BOOL_CONVERSION = YES;
				CLANG_WARN_COMMA = YES;
				CLANG_WARN_CONSTANT_CONVERSION = YES;
				CLANG_WARN_DEPRECATED_OBJC_IMPLEMENTATIONS = YES;
				CLANG_WARN_DIRECT_OBJC_ISA_USAGE = YES_ERROR;
				CLANG_WARN_DOCUMENTATION_COMMENTS = YES;
				CLANG_WARN_EMPTY_BODY = YES;
				CLANG_WARN_ENUM_CONVERSION = YES;
				CLANG_WARN_INFINITE_RECURSION = YES;
				CLANG_WARN_INT_CONVERSION = YES;
				CLANG_WARN_NON_LITERAL_NULL_CONVERSION = YES;
				CLANG_WARN_OBJC_IMPLICIT_RETAIN_SELF = YES;
				CLANG_WARN_OBJC_LITERAL_CONVERSION = YES;
				CLANG_WARN_OBJC_ROOT_CLASS = YES_ERROR;
				CLANG_WARN_QUOTED_INCLUDE_IN_FRAMEWORK_HEADER = YES;
				CLANG_WARN_RANGE_LOOP_ANALYSIS = YES;
				CLANG_WARN_STRICT_PROTOTYPES = YES;
				CLANG_WARN_SUSPICIOUS_MOVE = YES;
				CLANG_WARN_UNGUARDED_AVAILABILITY = YES_AGGRESSIVE;
				CLANG_WARN_UNREACHABLE_CODE = YES;
				CLANG_WARN__DUPLICATE_METHOD_MATCH = YES;
				COPY_PHASE_STRIP = NO;
				DEBUG_INFORMATION_FORMAT = "dwarf-with-dsym";
				ENABLE_NS_ASSERTIONS = NO;
				ENABLE_STRICT_OBJC_MSGSEND = YES;
				GCC_C_LANGUAGE_STANDARD = gnu11;
				GCC_NO_COMMON_BLOCKS = YES;
				GCC_WARN_64_TO_32_BIT_CONVERSION = YES;
				GCC_WARN_ABOUT_RETURN_TYPE = YES_ERROR;
				GCC_WARN_UNDECLARED_SELECTOR = YES;
				GCC_WARN_UNINITIALIZED_AUTOS = YES_AGGRESSIVE;
				GCC_WARN_UNUSED_FUNCTION = YES;
				GCC_WARN_UNUSED_VARIABLE = YES;
				IPHONEOS_DEPLOYMENT_TARGET = 15.4;
				MTL_ENABLE_DEBUG_INFO = NO;
				MTL_FAST_MATH = YES;
				SDKROOT = iphoneos;
				SWIFT_COMPILATION_MODE = wholemodule;
				SWIFT_OPTIMIZATION_LEVEL = "-O";
				VALIDATE_PRODUCT = YES;
			};
			name = Release;
		};
		AF3DBABF27EAC09F00965B8D /* Debug */ = {
			isa = XCBuildConfiguration;
			buildSettings = {
				ASSETCATALOG_COMPILER_APPICON_NAME = AppIcon;
				ASSETCATALOG_COMPILER_GLOBAL_ACCENT_COLOR_NAME = AccentColor;
				CODE_SIGN_STYLE = Automatic;
				CURRENT_PROJECT_VERSION = 1;
				DEVELOPMENT_ASSET_PATHS = "\"AssignmentOne/Preview Content\"";
				ENABLE_PREVIEWS = YES;
				GENERATE_INFOPLIST_FILE = YES;
				INFOPLIST_KEY_UIApplicationSceneManifest_Generation = YES;
				INFOPLIST_KEY_UIApplicationSupportsIndirectInputEvents = YES;
				INFOPLIST_KEY_UILaunchScreen_Generation = YES;
				INFOPLIST_KEY_UISupportedInterfaceOrientations_iPad = "UIInterfaceOrientationPortrait UIInterfaceOrientationPortraitUpsideDown UIInterfaceOrientationLandscapeLeft UIInterfaceOrientationLandscapeRight";
				INFOPLIST_KEY_UISupportedInterfaceOrientations_iPhone = "UIInterfaceOrientationPortrait UIInterfaceOrientationLandscapeLeft UIInterfaceOrientationLandscapeRight";
				LD_RUNPATH_SEARCH_PATHS = (
					"$(inherited)",
					"@executable_path/Frameworks",
				);
				MARKETING_VERSION = 1.0;
				PRODUCT_BUNDLE_IDENTIFIER = com.tw.cap.AssignmentOne;
				PRODUCT_NAME = "$(TARGET_NAME)";
				SWIFT_EMIT_LOC_STRINGS = YES;
				SWIFT_VERSION = 5.0;
				TARGETED_DEVICE_FAMILY = "1,2";
			};
			name = Debug;
		};
		AF3DBAC027EAC09F00965B8D /* Release */ = {
			isa = XCBuildConfiguration;
			buildSettings = {
				ASSETCATALOG_COMPILER_APPICON_NAME = AppIcon;
				ASSETCATALOG_COMPILER_GLOBAL_ACCENT_COLOR_NAME = AccentColor;
				CODE_SIGN_STYLE = Automatic;
				CURRENT_PROJECT_VERSION = 1;
				DEVELOPMENT_ASSET_PATHS = "\"AssignmentOne/Preview Content\"";
				ENABLE_PREVIEWS = YES;
				GENERATE_INFOPLIST_FILE = YES;
				INFOPLIST_KEY_UIApplicationSceneManifest_Generation = YES;
				INFOPLIST_KEY_UIApplicationSupportsIndirectInputEvents = YES;
				INFOPLIST_KEY_UILaunchScreen_Generation = YES;
				INFOPLIST_KEY_UISupportedInterfaceOrientations_iPad = "UIInterfaceOrientationPortrait UIInterfaceOrientationPortraitUpsideDown UIInterfaceOrientationLandscapeLeft UIInterfaceOrientationLandscapeRight";
				INFOPLIST_KEY_UISupportedInterfaceOrientations_iPhone = "UIInterfaceOrientationPortrait UIInterfaceOrientationLandscapeLeft UIInterfaceOrientationLandscapeRight";
				LD_RUNPATH_SEARCH_PATHS = (
					"$(inherited)",
					"@executable_path/Frameworks",
				);
				MARKETING_VERSION = 1.0;
				PRODUCT_BUNDLE_IDENTIFIER = com.tw.cap.AssignmentOne;
				PRODUCT_NAME = "$(TARGET_NAME)";
				SWIFT_EMIT_LOC_STRINGS = YES;
				SWIFT_VERSION = 5.0;
				TARGETED_DEVICE_FAMILY = "1,2";
			};
			name = Release;
		};
		AF3DBAC227EAC09F00965B8D /* Debug */ = {
			isa = XCBuildConfiguration;
			buildSettings = {
				ALWAYS_EMBED_SWIFT_STANDARD_LIBRARIES = YES;
				BUNDLE_LOADER = "$(TEST_HOST)";
				CODE_SIGN_STYLE = Automatic;
				CURRENT_PROJECT_VERSION = 1;
				GENERATE_INFOPLIST_FILE = YES;
				IPHONEOS_DEPLOYMENT_TARGET = 15.4;
				MARKETING_VERSION = 1.0;
				PRODUCT_BUNDLE_IDENTIFIER = com.tw.cap.AssignmentOneTests;
				PRODUCT_NAME = "$(TARGET_NAME)";
				SWIFT_EMIT_LOC_STRINGS = NO;
				SWIFT_VERSION = 5.0;
				TARGETED_DEVICE_FAMILY = "1,2";
				TEST_HOST = "$(BUILT_PRODUCTS_DIR)/AssignmentOne.app/AssignmentOne";
			};
			name = Debug;
		};
		AF3DBAC327EAC09F00965B8D /* Release */ = {
			isa = XCBuildConfiguration;
			buildSettings = {
				ALWAYS_EMBED_SWIFT_STANDARD_LIBRARIES = YES;
				BUNDLE_LOADER = "$(TEST_HOST)";
				CODE_SIGN_STYLE = Automatic;
				CURRENT_PROJECT_VERSION = 1;
				GENERATE_INFOPLIST_FILE = YES;
				IPHONEOS_DEPLOYMENT_TARGET = 15.4;
				MARKETING_VERSION = 1.0;
				PRODUCT_BUNDLE_IDENTIFIER = com.tw.cap.AssignmentOneTests;
				PRODUCT_NAME = "$(TARGET_NAME)";
				SWIFT_EMIT_LOC_STRINGS = NO;
				SWIFT_VERSION = 5.0;
				TARGETED_DEVICE_FAMILY = "1,2";
				TEST_HOST = "$(BUILT_PRODUCTS_DIR)/AssignmentOne.app/AssignmentOne";
			};
			name = Release;
		};
		AF3DBAC527EAC09F00965B8D /* Debug */ = {
			isa = XCBuildConfiguration;
			buildSettings = {
				ALWAYS_EMBED_SWIFT_STANDARD_LIBRARIES = YES;
				CODE_SIGN_STYLE = Automatic;
				CURRENT_PROJECT_VERSION = 1;
				GENERATE_INFOPLIST_FILE = YES;
				MARKETING_VERSION = 1.0;
				PRODUCT_BUNDLE_IDENTIFIER = com.tw.cap.AssignmentOneUITests;
				PRODUCT_NAME = "$(TARGET_NAME)";
				SWIFT_EMIT_LOC_STRINGS = NO;
				SWIFT_VERSION = 5.0;
				TARGETED_DEVICE_FAMILY = "1,2";
				TEST_TARGET_NAME = AssignmentOne;
			};
			name = Debug;
		};
		AF3DBAC627EAC09F00965B8D /* Release */ = {
			isa = XCBuildConfiguration;
			buildSettings = {
				ALWAYS_EMBED_SWIFT_STANDARD_LIBRARIES = YES;
				CODE_SIGN_STYLE = Automatic;
				CURRENT_PROJECT_VERSION = 1;
				GENERATE_INFOPLIST_FILE = YES;
				MARKETING_VERSION = 1.0;
				PRODUCT_BUNDLE_IDENTIFIER = com.tw.cap.AssignmentOneUITests;
				PRODUCT_NAME = "$(TARGET_NAME)";
				SWIFT_EMIT_LOC_STRINGS = NO;
				SWIFT_VERSION = 5.0;
				TARGETED_DEVICE_FAMILY = "1,2";
				TEST_TARGET_NAME = AssignmentOne;
			};
			name = Release;
		};
/* End XCBuildConfiguration section */

/* Begin XCConfigurationList section */
		AF3DBA9527EAC09C00965B8D /* Build configuration list for PBXProject "AssignmentOne" */ = {
			isa = XCConfigurationList;
			buildConfigurations = (
				AF3DBABC27EAC09F00965B8D /* Debug */,
				AF3DBABD27EAC09F00965B8D /* Release */,
			);
			defaultConfigurationIsVisible = 0;
			defaultConfigurationName = Release;
		};
		AF3DBABE27EAC09F00965B8D /* Build configuration list for PBXNativeTarget "AssignmentOne" */ = {
			isa = XCConfigurationList;
			buildConfigurations = (
				AF3DBABF27EAC09F00965B8D /* Debug */,
				AF3DBAC027EAC09F00965B8D /* Release */,
			);
			defaultConfigurationIsVisible = 0;
			defaultConfigurationName = Release;
		};
		AF3DBAC127EAC09F00965B8D /* Build configuration list for PBXNativeTarget "AssignmentOneTests" */ = {
			isa = XCConfigurationList;
			buildConfigurations = (
				AF3DBAC227EAC09F00965B8D /* Debug */,
				AF3DBAC327EAC09F00965B8D /* Release */,
			);
			defaultConfigurationIsVisible = 0;
			defaultConfigurationName = Release;
		};
		AF3DBAC427EAC09F00965B8D /* Build configuration list for PBXNativeTarget "AssignmentOneUITests" */ = {
			isa = XCConfigurationList;
			buildConfigurations = (
				AF3DBAC527EAC09F00965B8D /* Debug */,
				AF3DBAC627EAC09F00965B8D /* Release */,
			);
			defaultConfigurationIsVisible = 0;
			defaultConfigurationName = Release;
		};
/* End XCConfigurationList section */
	};
	rootObject = AF3DBA9227EAC09C00965B8D /* Project object */;
}
