// !$*UTF8*$!
{
	archiveVersion = 1;
	classes = {
	};
	objectVersion = 55;
	objects = {

/* Begin PBXBuildFile section */
		AF2C8E1B27ED612300D9BBCB /* MessageModel.swift in Sources */ = {isa = PBXBuildFile; fileRef = AF2C8E1A27ED612300D9BBCB /* MessageModel.swift */; };
		AF2C8E1D27ED61F900D9BBCB /* SinglePostView.swift in Sources */ = {isa = PBXBuildFile; fileRef = AF2C8E1C27ED61F900D9BBCB /* SinglePostView.swift */; };
		AF2C8E1F27ED8E3900D9BBCB /* PersonalView.swift in Sources */ = {isa = PBXBuildFile; fileRef = AF2C8E1E27ED8E3900D9BBCB /* PersonalView.swift */; };
		AF3DBA9E27EAC09C00965B8D /* AssignmentOneApp.swift in Sources */ = {isa = PBXBuildFile; fileRef = AF3DBA9D27EAC09C00965B8D /* AssignmentOneApp.swift */; };
		AF3DBAA227EAC09E00965B8D /* Assets.xcassets in Resources */ = {isa = PBXBuildFile; fileRef = AF3DBAA127EAC09E00965B8D /* Assets.xcassets */; };
		AF3DBAA527EAC09E00965B8D /* Preview Assets.xcassets in Resources */ = {isa = PBXBuildFile; fileRef = AF3DBAA427EAC09E00965B8D /* Preview Assets.xcassets */; };
		AF3DBAAF27EAC09E00965B8D /* AssignmentOneTests.swift in Sources */ = {isa = PBXBuildFile; fileRef = AF3DBAAE27EAC09E00965B8D /* AssignmentOneTests.swift */; };
		AF3DBAB927EAC09F00965B8D /* AssignmentOneUITests.swift in Sources */ = {isa = PBXBuildFile; fileRef = AF3DBAB827EAC09F00965B8D /* AssignmentOneUITests.swift */; };
		AF3DBABB27EAC09F00965B8D /* AssignmentOneUITestsLaunchTests.swift in Sources */ = {isa = PBXBuildFile; fileRef = AF3DBABA27EAC09F00965B8D /* AssignmentOneUITestsLaunchTests.swift */; };
		AF3DBAC827EAE4F400965B8D /* DiscoverView.swift in Sources */ = {isa = PBXBuildFile; fileRef = AF3DBAC727EAE4F400965B8D /* DiscoverView.swift */; };
		AF3DBACA27EAF86000965B8D /* WechatView.swift in Sources */ = {isa = PBXBuildFile; fileRef = AF3DBAC927EAF86000965B8D /* WechatView.swift */; };
		AF3DBACC27EAFD7000965B8D /* AddressBookView.swift in Sources */ = {isa = PBXBuildFile; fileRef = AF3DBACB27EAFD7000965B8D /* AddressBookView.swift */; };
		AF3DBACE27EAFDD700965B8D /* ProfileView.swift in Sources */ = {isa = PBXBuildFile; fileRef = AF3DBACD27EAFDD700965B8D /* ProfileView.swift */; };
		AF3DBAD027EB03FD00965B8D /* FootTabView.swift in Sources */ = {isa = PBXBuildFile; fileRef = AF3DBACF27EB03FD00965B8D /* FootTabView.swift */; };
		AF3DBAD227EB0BDA00965B8D /* MessageView.swift in Sources */ = {isa = PBXBuildFile; fileRef = AF3DBAD127EB0BDA00965B8D /* MessageView.swift */; };
		AF64B38127F5754300BAB831 /* SearchResult.swift in Sources */ = {isa = PBXBuildFile; fileRef = AF64B38027F5754300BAB831 /* SearchResult.swift */; };
		AF64B38327F5770700BAB831 /* SenderModel.swift in Sources */ = {isa = PBXBuildFile; fileRef = AF64B38227F5770700BAB831 /* SenderModel.swift */; };
		AF64B38527F5922000BAB831 /* ImageURL.swift in Sources */ = {isa = PBXBuildFile; fileRef = AF64B38427F5922000BAB831 /* ImageURL.swift */; };
		AF64B38727F592B400BAB831 /* PostImagesView.swift in Sources */ = {isa = PBXBuildFile; fileRef = AF64B38627F592B400BAB831 /* PostImagesView.swift */; };
		AF64B38927F59CE800BAB831 /* ProfileViewModel.swift in Sources */ = {isa = PBXBuildFile; fileRef = AF64B38827F59CE800BAB831 /* ProfileViewModel.swift */; };
/* End PBXBuildFile section */

/* Begin PBXContainerItemProxy section */
		AF3DBAAB27EAC09E00965B8D /* PBXContainerItemProxy */ = {
			isa = PBXContainerItemProxy;
			containerPortal = AF3DBA9227EAC09C00965B8D /* Project object */;
			proxyType = 1;
			remoteGlobalIDString = AF3DBA9927EAC09C00965B8D;
			remoteInfo = AssignmentOne;
		};
		AF3DBAB527EAC09F00965B8D /* PBXContainerItemProxy */ = {
			isa = PBXContainerItemProxy;
			containerPortal = AF3DBA9227EAC09C00965B8D /* Project object */;
			proxyType = 1;
			remoteGlobalIDString = AF3DBA9927EAC09C00965B8D;
			remoteInfo = AssignmentOne;
		};
/* End PBXContainerItemProxy section */

/* Begin PBXFileReference section */
		AF2C8E1A27ED612300D9BBCB /* MessageModel.swift */ = {isa = PBXFileReference; lastKnownFileType = sourcecode.swift; path = MessageModel.swift; sourceTree = "<group>"; };
		AF2C8E1C27ED61F900D9BBCB /* SinglePostView.swift */ = {isa = PBXFileReference; lastKnownFileType = sourcecode.swift; path = SinglePostView.swift; sourceTree = "<group>"; };
		AF2C8E1E27ED8E3900D9BBCB /* PersonalView.swift */ = {isa = PBXFileReference; lastKnownFileType = sourcecode.swift; path = PersonalView.swift; sourceTree = "<group>"; };
		AF3DBA9A27EAC09C00965B8D /* AssignmentOne.app */ = {isa = PBXFileReference; explicitFileType = wrapper.application; includeInIndex = 0; path = AssignmentOne.app; sourceTree = BUILT_PRODUCTS_DIR; };
		AF3DBA9D27EAC09C00965B8D /* AssignmentOneApp.swift */ = {isa = PBXFileReference; lastKnownFileType = sourcecode.swift; path = AssignmentOneApp.swift; sourceTree = "<group>"; };
		AF3DBAA127EAC09E00965B8D /* Assets.xcassets */ = {isa = PBXFileReference; lastKnownFileType = folder.assetcatalog; path = Assets.xcassets; sourceTree = "<group>"; };
		AF3DBAA427EAC09E00965B8D /* Preview Assets.xcassets */ = {isa = PBXFileReference; lastKnownFileType = folder.assetcatalog; path = "Preview Assets.xcassets"; sourceTree = "<group>"; };
		AF3DBAAA27EAC09E00965B8D /* AssignmentOneTests.xctest */ = {isa = PBXFileReference; explicitFileType = wrapper.cfbundle; includeInIndex = 0; path = AssignmentOneTests.xctest; sourceTree = BUILT_PRODUCTS_DIR; };
		AF3DBAAE27EAC09E00965B8D /* AssignmentOneTests.swift */ = {isa = PBXFileReference; lastKnownFileType = sourcecode.swift; path = AssignmentOneTests.swift; sourceTree = "<group>"; };
		AF3DBAB427EAC09F00965B8D /* AssignmentOneUITests.xctest */ = {isa = PBXFileReference; explicitFileType = wrapper.cfbundle; includeInIndex = 0; path = AssignmentOneUITests.xctest; sourceTree = BUILT_PRODUCTS_DIR; };
		AF3DBAB827EAC09F00965B8D /* AssignmentOneUITests.swift */ = {isa = PBXFileReference; lastKnownFileType = sourcecode.swift; path = AssignmentOneUITests.swift; sourceTree = "<group>"; };
		AF3DBABA27EAC09F00965B8D /* AssignmentOneUITestsLaunchTests.swift */ = {isa = PBXFileReference; lastKnownFileType = sourcecode.swift; path = AssignmentOneUITestsLaunchTests.swift; sourceTree = "<group>"; };
		AF3DBAC727EAE4F400965B8D /* DiscoverView.swift */ = {isa = PBXFileReference; lastKnownFileType = sourcecode.swift; path = DiscoverView.swift; sourceTree = "<group>"; };
		AF3DBAC927EAF86000965B8D /* WechatView.swift */ = {isa = PBXFileReference; lastKnownFileType = sourcecode.swift; path = WechatView.swift; sourceTree = "<group>"; };
		AF3DBACB27EAFD7000965B8D /* AddressBookView.swift */ = {isa = PBXFileReference; lastKnownFileType = sourcecode.swift; path = AddressBookView.swift; sourceTree = "<group>"; };
		AF3DBACD27EAFDD700965B8D /* ProfileView.swift */ = {isa = PBXFileReference; lastKnownFileType = sourcecode.swift; path = ProfileView.swift; sourceTree = "<group>"; };
		AF3DBACF27EB03FD00965B8D /* FootTabView.swift */ = {isa = PBXFileReference; lastKnownFileType = sourcecode.swift; path = FootTabView.swift; sourceTree = "<group>"; };
		AF3DBAD127EB0BDA00965B8D /* MessageView.swift */ = {isa = PBXFileReference; lastKnownFileType = sourcecode.swift; path = MessageView.swift; sourceTree = "<group>"; };
		AF64B38027F5754300BAB831 /* SearchResult.swift */ = {isa = PBXFileReference; lastKnownFileType = sourcecode.swift; path = SearchResult.swift; sourceTree = "<group>"; };
		AF64B38227F5770700BAB831 /* SenderModel.swift */ = {isa = PBXFileReference; lastKnownFileType = sourcecode.swift; path = SenderModel.swift; sourceTree = "<group>"; };
		AF64B38427F5922000BAB831 /* ImageURL.swift */ = {isa = PBXFileReference; lastKnownFileType = sourcecode.swift; path = ImageURL.swift; sourceTree = "<group>"; };
		AF64B38627F592B400BAB831 /* PostImagesView.swift */ = {isa = PBXFileReference; lastKnownFileType = sourcecode.swift; path = PostImagesView.swift; sourceTree = "<group>"; };
		AF64B38827F59CE800BAB831 /* ProfileViewModel.swift */ = {isa = PBXFileReference; lastKnownFileType = sourcecode.swift; path = ProfileViewModel.swift; sourceTree = "<group>"; };
/* End PBXFileReference section */

/* Begin PBXFrameworksBuildPhase section */
		AF3DBA9727EAC09C00965B8D /* Frameworks */ = {
			isa = PBXFrameworksBuildPhase;
			buildActionMask = 2147483647;
			files = (
			);
			runOnlyForDeploymentPostprocessing = 0;
		};
		AF3DBAA727EAC09E00965B8D /* Frameworks */ = {
			isa = PBXFrameworksBuildPhase;
			buildActionMask = 2147483647;
			files = (
			);
			runOnlyForDeploymentPostprocessing = 0;
		};
		AF3DBAB127EAC09F00965B8D /* Frameworks */ = {
			isa = PBXFrameworksBuildPhase;
			buildActionMask = 2147483647;
			files = (
			);
			runOnlyForDeploymentPostprocessing = 0;
		};
/* End PBXFrameworksBuildPhase section */

/* Begin PBXGroup section */
		AF3DBA9127EAC09C00965B8D = {
			isa = PBXGroup;
			children = (
				AF3DBA9C27EAC09C00965B8D /* AssignmentOne */,
				AF3DBAAD27EAC09E00965B8D /* AssignmentOneTests */,
				AF3DBAB727EAC09F00965B8D /* AssignmentOneUITests */,
				AF3DBA9B27EAC09C00965B8D /* Products */,
			);
			sourceTree = "<group>";
		};
		AF3DBA9B27EAC09C00965B8D /* Products */ = {
			isa = PBXGroup;
			children = (
				AF3DBA9A27EAC09C00965B8D /* AssignmentOne.app */,
				AF3DBAAA27EAC09E00965B8D /* AssignmentOneTests.xctest */,
				AF3DBAB427EAC09F00965B8D /* AssignmentOneUITests.xctest */,
			);
			name = Products;
			sourceTree = "<group>";
		};
		AF3DBA9C27EAC09C00965B8D /* AssignmentOne */ = {
			isa = PBXGroup;
			children = (
				AF64B37F27F5730100BAB831 /* Model */,
				AF3DBA9D27EAC09C00965B8D /* AssignmentOneApp.swift */,
				AF3DBACF27EB03FD00965B8D /* FootTabView.swift */,
				AF3DBAC727EAE4F400965B8D /* DiscoverView.swift */,
				AF3DBAD127EB0BDA00965B8D /* MessageView.swift */,
				AF2C8E1C27ED61F900D9BBCB /* SinglePostView.swift */,
				AF64B38627F592B400BAB831 /* PostImagesView.swift */,
				AF3DBACB27EAFD7000965B8D /* AddressBookView.swift */,
				AF3DBACD27EAFDD700965B8D /* ProfileView.swift */,
				AF2C8E1E27ED8E3900D9BBCB /* PersonalView.swift */,
				AF3DBAC927EAF86000965B8D /* WechatView.swift */,
				AF3DBAA127EAC09E00965B8D /* Assets.xcassets */,
				AF3DBAA327EAC09E00965B8D /* Preview Content */,
			);
			path = AssignmentOne;
			sourceTree = "<group>";
		};
		AF3DBAA327EAC09E00965B8D /* Preview Content */ = {
			isa = PBXGroup;
			children = (
				AF3DBAA427EAC09E00965B8D /* Preview Assets.xcassets */,
			);
			path = "Preview Content";
			sourceTree = "<group>";
		};
		AF3DBAAD27EAC09E00965B8D /* AssignmentOneTests */ = {
			isa = PBXGroup;
			children = (
				AF3DBAAE27EAC09E00965B8D /* AssignmentOneTests.swift */,
			);
			path = AssignmentOneTests;
			sourceTree = "<group>";
		};
		AF3DBAB727EAC09F00965B8D /* AssignmentOneUITests */ = {
			isa = PBXGroup;
			children = (
				AF3DBAB827EAC09F00965B8D /* AssignmentOneUITests.swift */,
				AF3DBABA27EAC09F00965B8D /* AssignmentOneUITestsLaunchTests.swift */,
			);
			path = AssignmentOneUITests;
			sourceTree = "<group>";
		};
		AF64B37F27F5730100BAB831 /* Model */ = {
			isa = PBXGroup;
			children = (
				AF2C8E1A27ED612300D9BBCB /* MessageModel.swift */,
				AF64B38027F5754300BAB831 /* SearchResult.swift */,
				AF64B38227F5770700BAB831 /* SenderModel.swift */,
				AF64B38427F5922000BAB831 /* ImageURL.swift */,
				AF64B38827F59CE800BAB831 /* ProfileViewModel.swift */,
			);
			path = Model;
			sourceTree = "<group>";
		};
/* End PBXGroup section */

/* Begin PBXNativeTarget section */
		AF3DBA9927EAC09C00965B8D /* AssignmentOne */ = {
			isa = PBXNativeTarget;
			buildConfigurationList = AF3DBABE27EAC09F00965B8D /* Build configuration list for PBXNativeTarget "AssignmentOne" */;
			buildPhases = (
				AF3DBA9627EAC09C00965B8D /* Sources */,
				AF3DBA9727EAC09C00965B8D /* Frameworks */,
				AF3DBA9827EAC09C00965B8D /* Resources */,
			);
			buildRules = (
			);
			dependencies = (
			);
			name = AssignmentOne;
			productName = AssignmentOne;
			productReference = AF3DBA9A27EAC09C00965B8D /* AssignmentOne.app */;
			productType = "com.apple.product-type.application";
		};
		AF3DBAA927EAC09E00965B8D /* AssignmentOneTests */ = {
			isa = PBXNativeTarget;
			buildConfigurationList = AF3DBAC127EAC09F00965B8D /* Build configuration list for PBXNativeTarget "AssignmentOneTests" */;
			buildPhases = (
				AF3DBAA627EAC09E00965B8D /* Sources */,
				AF3DBAA727EAC09E00965B8D /* Frameworks */,
				AF3DBAA827EAC09E00965B8D /* Resources */,
			);
			buildRules = (
			);
			dependencies = (
				AF3DBAAC27EAC09E00965B8D /* PBXTargetDependency */,
			);
			name = AssignmentOneTests;
			productName = AssignmentOneTests;
			productReference = AF3DBAAA27EAC09E00965B8D /* AssignmentOneTests.xctest */;
			productType = "com.apple.product-type.bundle.unit-test";
		};
		AF3DBAB327EAC09F00965B8D /* AssignmentOneUITests */ = {
			isa = PBXNativeTarget;
			buildConfigurationList = AF3DBAC427EAC09F00965B8D /* Build configuration list for PBXNativeTarget "AssignmentOneUITests" */;
			buildPhases = (
				AF3DBAB027EAC09F00965B8D /* Sources */,
				AF3DBAB127EAC09F00965B8D /* Frameworks */,
				AF3DBAB227EAC09F00965B8D /* Resources */,
			);
			buildRules = (
			);
			dependencies = (
				AF3DBAB627EAC09F00965B8D /* PBXTargetDependency */,
			);
			name = AssignmentOneUITests;
			productName = AssignmentOneUITests;
			productReference = AF3DBAB427EAC09F00965B8D /* AssignmentOneUITests.xctest */;
			productType = "com.apple.product-type.bundle.ui-testing";
		};
/* End PBXNativeTarget section */

/* Begin PBXProject section */
		AF3DBA9227EAC09C00965B8D /* Project object */ = {
			isa = PBXProject;
			attributes = {
				BuildIndependentTargetsInParallel = 1;
				LastSwiftUpdateCheck = 1330;
				LastUpgradeCheck = 1330;
				TargetAttributes = {
					AF3DBA9927EAC09C00965B8D = {
						CreatedOnToolsVersion = 13.3;
					};
					AF3DBAA927EAC09E00965B8D = {
						CreatedOnToolsVersion = 13.3;
						TestTargetID = AF3DBA9927EAC09C00965B8D;
					};
					AF3DBAB327EAC09F00965B8D = {
						CreatedOnToolsVersion = 13.3;
						TestTargetID = AF3DBA9927EAC09C00965B8D;
					};
				};
			};
			buildConfigurationList = AF3DBA9527EAC09C00965B8D /* Build configuration list for PBXProject "AssignmentOne" */;
			compatibilityVersion = "Xcode 13.0";
			developmentRegion = en;
			hasScannedForEncodings = 0;
			knownRegions = (
				en,
				Base,
			);
			mainGroup = AF3DBA9127EAC09C00965B8D;
			productRefGroup = AF3DBA9B27EAC09C00965B8D /* Products */;
			projectDirPath = "";
			projectRoot = "";
			targets = (
				AF3DBA9927EAC09C00965B8D /* AssignmentOne */,
				AF3DBAA927EAC09E00965B8D /* AssignmentOneTests */,
				AF3DBAB327EAC09F00965B8D /* AssignmentOneUITests */,
			);
		};
/* End PBXProject section */

/* Begin PBXResourcesBuildPhase section */
		AF3DBA9827EAC09C00965B8D /* Resources */ = {
			isa = PBXResourcesBuildPhase;
			buildActionMask = 2147483647;
			files = (
				AF3DBAA527EAC09E00965B8D /* Preview Assets.xcassets in Resources */,
				AF3DBAA227EAC09E00965B8D /* Assets.xcassets in Resources */,
			);
			runOnlyForDeploymentPostprocessing = 0;
		};
		AF3DBAA827EAC09E00965B8D /* Resources */ = {
			isa = PBXResourcesBuildPhase;
			buildActionMask = 2147483647;
			files = (
			);
			runOnlyForDeploymentPostprocessing = 0;
		};
		AF3DBAB227EAC09F00965B8D /* Resources */ = {
			isa = PBXResourcesBuildPhase;
			buildActionMask = 2147483647;
			files = (
			);
			runOnlyForDeploymentPostprocessing = 0;
		};
/* End PBXResourcesBuildPhase section */

/* Begin PBXSourcesBuildPhase section */
		AF3DBA9627EAC09C00965B8D /* Sources */ = {
			isa = PBXSourcesBuildPhase;
			buildActionMask = 2147483647;
			files = (
				AF3DBAD227EB0BDA00965B8D /* MessageView.swift in Sources */,
				AF3DBA9E27EAC09C00965B8D /* AssignmentOneApp.swift in Sources */,
				AF2C8E1F27ED8E3900D9BBCB /* PersonalView.swift in Sources */,
				AF3DBAD027EB03FD00965B8D /* FootTabView.swift in Sources */,
				AF2C8E1D27ED61F900D9BBCB /* SinglePostView.swift in Sources */,
				AF2C8E1B27ED612300D9BBCB /* MessageModel.swift in Sources */,
				AF3DBACC27EAFD7000965B8D /* AddressBookView.swift in Sources */,
				AF64B38527F5922000BAB831 /* ImageURL.swift in Sources */,
				AF64B38327F5770700BAB831 /* SenderModel.swift in Sources */,
				AF3DBACA27EAF86000965B8D /* WechatView.swift in Sources */,
				AF3DBACE27EAFDD700965B8D /* ProfileView.swift in Sources */,
				AF64B38727F592B400BAB831 /* PostImagesView.swift in Sources */,
				AF3DBAC827EAE4F400965B8D /* DiscoverView.swift in Sources */,
				AF64B38127F5754300BAB831 /* SearchResult.swift in Sources */,
				AF64B38927F59CE800BAB831 /* ProfileViewModel.swift in Sources */,
			);
			runOnlyForDeploymentPostprocessing = 0;
		};
		AF3DBAA627EAC09E00965B8D /* Sources */ = {
			isa = PBXSourcesBuildPhase;
			buildActionMask = 2147483647;
			files = (
				AF3DBAAF27EAC09E00965B8D /* AssignmentOneTests.swift in Sources */,
			);
			runOnlyForDeploymentPostprocessing = 0;
		};
		AF3DBAB027EAC09F00965B8D /* Sources */ = {
			isa = PBXSourcesBuildPhase;
			buildActionMask = 2147483647;
			files = (
				AF3DBABB27EAC09F00965B8D /* AssignmentOneUITestsLaunchTests.swift in Sources */,
				AF3DBAB927EAC09F00965B8D /* AssignmentOneUITests.swift in Sources */,
			);
			runOnlyForDeploymentPostprocessing = 0;
		};
/* End PBXSourcesBuildPhase section */

/* Begin PBXTargetDependency section */
		AF3DBAAC27EAC09E00965B8D /* PBXTargetDependency */ = {
			isa = PBXTargetDependency;
			target = AF3DBA9927EAC09C00965B8D /* AssignmentOne */;
			targetProxy = AF3DBAAB27EAC09E00965B8D /* PBXContainerItemProxy */;
		};
		AF3DBAB627EAC09F00965B8D /* PBXTargetDependency */ = {
			isa = PBXTargetDependency;
			target = AF3DBA9927EAC09C00965B8D /* AssignmentOne */;
			targetProxy = AF3DBAB527EAC09F00965B8D /* PBXContainerItemProxy */;
		};
/* End PBXTargetDependency section */

/* Begin XCBuildConfiguration section */
		AF3DBABC27EAC09F00965B8D /* Debug */ = {
			isa = XCBuildConfiguration;
			buildSettings = {
				ALWAYS_SEARCH_USER_PATHS = NO;
				CLANG_ANALYZER_NONNULL = YES;
				CLANG_ANALYZER_NUMBER_OBJECT_CONVERSION = YES_AGGRESSIVE;
				CLANG_CXX_LANGUAGE_STANDARD = "gnu++17";
				CLANG_ENABLE_MODULES = YES;
				CLANG_ENABLE_OBJC_ARC = YES;
				CLANG_ENABLE_OBJC_WEAK = YES;
				CLANG_WARN_BLOCK_CAPTURE_AUTORELEASING = YES;
				CLANG_WARN_BOOL_CONVERSION = YES;
				CLANG_WARN_COMMA = YES;
				CLANG_WARN_CONSTANT_CONVERSION = YES;
				CLANG_WARN_DEPRECATED_OBJC_IMPLEMENTATIONS = YES;
				CLANG_WARN_DIRECT_OBJC_ISA_USAGE = YES_ERROR;
				CLANG_WARN_DOCUMENTATION_COMMENTS = YES;
				CLANG_WARN_EMPTY_BODY = YES;
				CLANG_WARN_ENUM_CONVERSION = YES;
				CLANG_WARN_INFINITE_RECURSION = YES;
				CLANG_WARN_INT_CONVERSION = YES;
				CLANG_WARN_NON_LITERAL_NULL_CONVERSION = YES;
				CLANG_WARN_OBJC_IMPLICIT_RETAIN_SELF = YES;
				CLANG_WARN_OBJC_LITERAL_CONVERSION = YES;
				CLANG_WARN_OBJC_ROOT_CLASS = YES_ERROR;
				CLANG_WARN_QUOTED_INCLUDE_IN_FRAMEWORK_HEADER = YES;
				CLANG_WARN_RANGE_LOOP_ANALYSIS = YES;
				CLANG_WARN_STRICT_PROTOTYPES = YES;
				CLANG_WARN_SUSPICIOUS_MOVE = YES;
				CLANG_WARN_UNGUARDED_AVAILABILITY = YES_AGGRESSIVE;
				CLANG_WARN_UNREACHABLE_CODE = YES;
				CLANG_WARN__DUPLICATE_METHOD_MATCH = YES;
				COPY_PHASE_STRIP = NO;
				DEBUG_INFORMATION_FORMAT = dwarf;
				ENABLE_STRICT_OBJC_MSGSEND = YES;
				ENABLE_TESTABILITY = YES;
				GCC_C_LANGUAGE_STANDARD = gnu11;
				GCC_DYNAMIC_NO_PIC = NO;
				GCC_NO_COMMON_BLOCKS = YES;
				GCC_OPTIMIZATION_LEVEL = 0;
				GCC_PREPROCESSOR_DEFINITIONS = (
					"DEBUG=1",
					"$(inherited)",
				);
				GCC_WARN_64_TO_32_BIT_CONVERSION = YES;
				GCC_WARN_ABOUT_RETURN_TYPE = YES_ERROR;
				GCC_WARN_UNDECLARED_SELECTOR = YES;
				GCC_WARN_UNINITIALIZED_AUTOS = YES_AGGRESSIVE;
				GCC_WARN_UNUSED_FUNCTION = YES;
				GCC_WARN_UNUSED_VARIABLE = YES;
				IPHONEOS_DEPLOYMENT_TARGET = 15.4;
				MTL_ENABLE_DEBUG_INFO = INCLUDE_SOURCE;
				MTL_FAST_MATH = YES;
				ONLY_ACTIVE_ARCH = YES;
				SDKROOT = iphoneos;
				SWIFT_ACTIVE_COMPILATION_CONDITIONS = DEBUG;
				SWIFT_OPTIMIZATION_LEVEL = "-Onone";
			};
			name = Debug;
		};
		AF3DBABD27EAC09F00965B8D /* Release */ = {
			isa = XCBuildConfiguration;
			buildSettings = {
				ALWAYS_SEARCH_USER_PATHS = NO;
				CLANG_ANALYZER_NONNULL = YES;
				CLANG_ANALYZER_NUMBER_OBJECT_CONVERSION = YES_AGGRESSIVE;
				CLANG_CXX_LANGUAGE_STANDARD = "gnu++17";
				CLANG_ENABLE_MODULES = YES;
				CLANG_ENABLE_OBJC_ARC = YES;
				CLANG_ENABLE_OBJC_WEAK = YES;
				CLANG_WARN_BLOCK_CAPTURE_AUTORELEASING = YES;
				CLANG_WARN_BOOL_CONVERSION = YES;
				CLANG_WARN_COMMA = YES;
				CLANG_WARN_CONSTANT_CONVERSION = YES;
				CLANG_WARN_DEPRECATED_OBJC_IMPLEMENTATIONS = YES;
				CLANG_WARN_DIRECT_OBJC_ISA_USAGE = YES_ERROR;
				CLANG_WARN_DOCUMENTATION_COMMENTS = YES;
				CLANG_WARN_EMPTY_BODY = YES;
				CLANG_WARN_ENUM_CONVERSION = YES;
				CLANG_WARN_INFINITE_RECURSION = YES;
				CLANG_WARN_INT_CONVERSION = YES;
				CLANG_WARN_NON_LITERAL_NULL_CONVERSION = YES;
				CLANG_WARN_OBJC_IMPLICIT_RETAIN_SELF = YES;
				CLANG_WARN_OBJC_LITERAL_CONVERSION = YES;
				CLANG_WARN_OBJC_ROOT_CLASS = YES_ERROR;
				CLANG_WARN_QUOTED_INCLUDE_IN_FRAMEWORK_HEADER = YES;
				CLANG_WARN_RANGE_LOOP_ANALYSIS = YES;
				CLANG_WARN_STRICT_PROTOTYPES = YES;
				CLANG_WARN_SUSPICIOUS_MOVE = YES;
				CLANG_WARN_UNGUARDED_AVAILABILITY = YES_AGGRESSIVE;
				CLANG_WARN_UNREACHABLE_CODE = YES;
				CLANG_WARN__DUPLICATE_METHOD_MATCH = YES;
				COPY_PHASE_STRIP = NO;
				DEBUG_INFORMATION_FORMAT = "dwarf-with-dsym";
				ENABLE_NS_ASSERTIONS = NO;
				ENABLE_STRICT_OBJC_MSGSEND = YES;
				GCC_C_LANGUAGE_STANDARD = gnu11;
				GCC_NO_COMMON_BLOCKS = YES;
				GCC_WARN_64_TO_32_BIT_CONVERSION = YES;
				GCC_WARN_ABOUT_RETURN_TYPE = YES_ERROR;
				GCC_WARN_UNDECLARED_SELECTOR = YES;
				GCC_WARN_UNINITIALIZED_AUTOS = YES_AGGRESSIVE;
				GCC_WARN_UNUSED_FUNCTION = YES;
				GCC_WARN_UNUSED_VARIABLE = YES;
				IPHONEOS_DEPLOYMENT_TARGET = 15.4;
				MTL_ENABLE_DEBUG_INFO = NO;
				MTL_FAST_MATH = YES;
				SDKROOT = iphoneos;
				SWIFT_COMPILATION_MODE = wholemodule;
				SWIFT_OPTIMIZATION_LEVEL = "-O";
				VALIDATE_PRODUCT = YES;
			};
			name = Release;
		};
		AF3DBABF27EAC09F00965B8D /* Debug */ = {
			isa = XCBuildConfiguration;
			buildSettings = {
				ASSETCATALOG_COMPILER_APPICON_NAME = AppIcon;
				ASSETCATALOG_COMPILER_GLOBAL_ACCENT_COLOR_NAME = AccentColor;
				CODE_SIGN_STYLE = Automatic;
				CURRENT_PROJECT_VERSION = 1;
				DEVELOPMENT_ASSET_PATHS = "\"AssignmentOne/Preview Content\"";
				ENABLE_PREVIEWS = YES;
				GENERATE_INFOPLIST_FILE = YES;
				INFOPLIST_KEY_UIApplicationSceneManifest_Generation = YES;
				INFOPLIST_KEY_UIApplicationSupportsIndirectInputEvents = YES;
				INFOPLIST_KEY_UILaunchScreen_Generation = YES;
				INFOPLIST_KEY_UISupportedInterfaceOrientations_iPad = "UIInterfaceOrientationPortrait UIInterfaceOrientationPortraitUpsideDown UIInterfaceOrientationLandscapeLeft UIInterfaceOrientationLandscapeRight";
				INFOPLIST_KEY_UISupportedInterfaceOrientations_iPhone = "UIInterfaceOrientationPortrait UIInterfaceOrientationLandscapeLeft UIInterfaceOrientationLandscapeRight";
				LD_RUNPATH_SEARCH_PATHS = (
					"$(inherited)",
					"@executable_path/Frameworks",
				);
				MARKETING_VERSION = 1.0;
				PRODUCT_BUNDLE_IDENTIFIER = com.tw.cap.AssignmentOne;
				PRODUCT_NAME = "$(TARGET_NAME)";
				SWIFT_EMIT_LOC_STRINGS = YES;
				SWIFT_VERSION = 5.0;
				TARGETED_DEVICE_FAMILY = "1,2";
			};
			name = Debug;
		};
		AF3DBAC027EAC09F00965B8D /* Release */ = {
			isa = XCBuildConfiguration;
			buildSettings = {
				ASSETCATALOG_COMPILER_APPICON_NAME = AppIcon;
				ASSETCATALOG_COMPILER_GLOBAL_ACCENT_COLOR_NAME = AccentColor;
				CODE_SIGN_STYLE = Automatic;
				CURRENT_PROJECT_VERSION = 1;
				DEVELOPMENT_ASSET_PATHS = "\"AssignmentOne/Preview Content\"";
				ENABLE_PREVIEWS = YES;
				GENERATE_INFOPLIST_FILE = YES;
				INFOPLIST_KEY_UIApplicationSceneManifest_Generation = YES;
				INFOPLIST_KEY_UIApplicationSupportsIndirectInputEvents = YES;
				INFOPLIST_KEY_UILaunchScreen_Generation = YES;
				INFOPLIST_KEY_UISupportedInterfaceOrientations_iPad = "UIInterfaceOrientationPortrait UIInterfaceOrientationPortraitUpsideDown UIInterfaceOrientationLandscapeLeft UIInterfaceOrientationLandscapeRight";
				INFOPLIST_KEY_UISupportedInterfaceOrientations_iPhone = "UIInterfaceOrientationPortrait UIInterfaceOrientationLandscapeLeft UIInterfaceOrientationLandscapeRight";
				LD_RUNPATH_SEARCH_PATHS = (
					"$(inherited)",
					"@executable_path/Frameworks",
				);
				MARKETING_VERSION = 1.0;
				PRODUCT_BUNDLE_IDENTIFIER = com.tw.cap.AssignmentOne;
				PRODUCT_NAME = "$(TARGET_NAME)";
				SWIFT_EMIT_LOC_STRINGS = YES;
				SWIFT_VERSION = 5.0;
				TARGETED_DEVICE_FAMILY = "1,2";
			};
			name = Release;
		};
		AF3DBAC227EAC09F00965B8D /* Debug */ = {
			isa = XCBuildConfiguration;
			buildSettings = {
				ALWAYS_EMBED_SWIFT_STANDARD_LIBRARIES = YES;
				BUNDLE_LOADER = "$(TEST_HOST)";
				CODE_SIGN_STYLE = Automatic;
				CURRENT_PROJECT_VERSION = 1;
				GENERATE_INFOPLIST_FILE = YES;
				IPHONEOS_DEPLOYMENT_TARGET = 15.4;
				MARKETING_VERSION = 1.0;
				PRODUCT_BUNDLE_IDENTIFIER = com.tw.cap.AssignmentOneTests;
				PRODUCT_NAME = "$(TARGET_NAME)";
				SWIFT_EMIT_LOC_STRINGS = NO;
				SWIFT_VERSION = 5.0;
				TARGETED_DEVICE_FAMILY = "1,2";
				TEST_HOST = "$(BUILT_PRODUCTS_DIR)/AssignmentOne.app/AssignmentOne";
			};
			name = Debug;
		};
		AF3DBAC327EAC09F00965B8D /* Release */ = {
			isa = XCBuildConfiguration;
			buildSettings = {
				ALWAYS_EMBED_SWIFT_STANDARD_LIBRARIES = YES;
				BUNDLE_LOADER = "$(TEST_HOST)";
				CODE_SIGN_STYLE = Automatic;
				CURRENT_PROJECT_VERSION = 1;
				GENERATE_INFOPLIST_FILE = YES;
				IPHONEOS_DEPLOYMENT_TARGET = 15.4;
				MARKETING_VERSION = 1.0;
				PRODUCT_BUNDLE_IDENTIFIER = com.tw.cap.AssignmentOneTests;
				PRODUCT_NAME = "$(TARGET_NAME)";
				SWIFT_EMIT_LOC_STRINGS = NO;
				SWIFT_VERSION = 5.0;
				TARGETED_DEVICE_FAMILY = "1,2";
				TEST_HOST = "$(BUILT_PRODUCTS_DIR)/AssignmentOne.app/AssignmentOne";
			};
			name = Release;
		};
		AF3DBAC527EAC09F00965B8D /* Debug */ = {
			isa = XCBuildConfiguration;
			buildSettings = {
				ALWAYS_EMBED_SWIFT_STANDARD_LIBRARIES = YES;
				CODE_SIGN_STYLE = Automatic;
				CURRENT_PROJECT_VERSION = 1;
				GENERATE_INFOPLIST_FILE = YES;
				MARKETING_VERSION = 1.0;
				PRODUCT_BUNDLE_IDENTIFIER = com.tw.cap.AssignmentOneUITests;
				PRODUCT_NAME = "$(TARGET_NAME)";
				SWIFT_EMIT_LOC_STRINGS = NO;
				SWIFT_VERSION = 5.0;
				TARGETED_DEVICE_FAMILY = "1,2";
				TEST_TARGET_NAME = AssignmentOne;
			};
			name = Debug;
		};
		AF3DBAC627EAC09F00965B8D /* Release */ = {
			isa = XCBuildConfiguration;
			buildSettings = {
				ALWAYS_EMBED_SWIFT_STANDARD_LIBRARIES = YES;
				CODE_SIGN_STYLE = Automatic;
				CURRENT_PROJECT_VERSION = 1;
				GENERATE_INFOPLIST_FILE = YES;
				MARKETING_VERSION = 1.0;
				PRODUCT_BUNDLE_IDENTIFIER = com.tw.cap.AssignmentOneUITests;
				PRODUCT_NAME = "$(TARGET_NAME)";
				SWIFT_EMIT_LOC_STRINGS = NO;
				SWIFT_VERSION = 5.0;
				TARGETED_DEVICE_FAMILY = "1,2";
				TEST_TARGET_NAME = AssignmentOne;
			};
			name = Release;
		};
/* End XCBuildConfiguration section */

/* Begin XCConfigurationList section */
		AF3DBA9527EAC09C00965B8D /* Build configuration list for PBXProject "AssignmentOne" */ = {
			isa = XCConfigurationList;
			buildConfigurations = (
				AF3DBABC27EAC09F00965B8D /* Debug */,
				AF3DBABD27EAC09F00965B8D /* Release */,
			);
			defaultConfigurationIsVisible = 0;
			defaultConfigurationName = Release;
		};
		AF3DBABE27EAC09F00965B8D /* Build configuration list for PBXNativeTarget "AssignmentOne" */ = {
			isa = XCConfigurationList;
			buildConfigurations = (
				AF3DBABF27EAC09F00965B8D /* Debug */,
				AF3DBAC027EAC09F00965B8D /* Release */,
			);
			defaultConfigurationIsVisible = 0;
			defaultConfigurationName = Release;
		};
		AF3DBAC127EAC09F00965B8D /* Build configuration list for PBXNativeTarget "AssignmentOneTests" */ = {
			isa = XCConfigurationList;
			buildConfigurations = (
				AF3DBAC227EAC09F00965B8D /* Debug */,
				AF3DBAC327EAC09F00965B8D /* Release */,
			);
			defaultConfigurationIsVisible = 0;
			defaultConfigurationName = Release;
		};
		AF3DBAC427EAC09F00965B8D /* Build configuration list for PBXNativeTarget "AssignmentOneUITests" */ = {
			isa = XCConfigurationList;
			buildConfigurations = (
				AF3DBAC527EAC09F00965B8D /* Debug */,
				AF3DBAC627EAC09F00965B8D /* Release */,
			);
			defaultConfigurationIsVisible = 0;
			defaultConfigurationName = Release;
		};
/* End XCConfigurationList section */
	};
	rootObject = AF3DBA9227EAC09C00965B8D /* Project object */;
}
